
Microsoft Visual Studio Solution File, Format Version 12.00
# Visual Studio 15
VisualStudioVersion = 15.0.27130.2020
MinimumVisualStudioVersion = 10.0.40219.1
Project("{2150E333-8FDC-42A3-9474-1A3956D46DE8}") = "Examples", "Examples", "{89FCBC70-8FE3-4D05-907C-CAA5D38C78DF}"
EndProject
Project("{FAE04EC0-301F-11D3-BF4B-00C04F79EFBC}") = "Websockets.DroidTests", "Websockets.DroidTests\Websockets.DroidTests.csproj", "{7C64EC65-DF3D-4F46-9E04-D1B67E8AED8D}"
EndProject
Project("{FAE04EC0-301F-11D3-BF4B-00C04F79EFBC}") = "Websockets.IosTests", "Websockets.IosTests\Websockets.IosTests.csproj", "{3F902678-D710-4922-ABE1-9FFD05C62272}"
EndProject
Project("{2150E333-8FDC-42A3-9474-1A3956D46DE8}") = "Platforms", "Platforms", "{BA10C88F-546D-4308-AF6B-909B7AD2DAE0}"
EndProject
Project("{FAE04EC0-301F-11D3-BF4B-00C04F79EFBC}") = "Websockets.Droid", "Websockets.Droid\Websockets.Droid.csproj", "{0A65C595-9E17-487C-A880-A11DA9751D89}"
EndProject
Project("{FAE04EC0-301F-11D3-BF4B-00C04F79EFBC}") = "Websockets.Ios", "Websockets.Ios\Websockets.Ios.csproj", "{DD8C01F3-188F-40E5-B8B1-62DB48C1847F}"
EndProject
Project("{FAE04EC0-301F-11D3-BF4B-00C04F79EFBC}") = "Websockets.Net", "Websockets.Net\Websockets.Net.csproj", "{61331F41-683A-4A68-AD09-368ADBA677B7}"
EndProject
Project("{2150E333-8FDC-42A3-9474-1A3956D46DE8}") = "Solution Items", "Solution Items", "{6B25B7CD-273B-47E7-90FC-C42A4F62BCD1}"
	ProjectSection(SolutionItems) = preProject
		README.md = README.md
	EndProjectSection
EndProject
Project("{FAE04EC0-301F-11D3-BF4B-00C04F79EFBC}") = "Websockets.UniversalTests", "Websockets.UniversalTests\Websockets.UniversalTests.csproj", "{2A9EE65A-539B-45C0-8E9F-6DDBB2AE5139}"
EndProject
Project("{FAE04EC0-301F-11D3-BF4B-00C04F79EFBC}") = "Websockets.NetTests", "Websockets.NetTests\Websockets.NetTests.csproj", "{771640E7-025F-4B91-A4FA-C344B1165D6C}"
EndProject
Project("{9A19103F-16F7-4668-BE54-9A1E7A4F7556}") = "Websockets.WebSocket4Net", "Websockets.WebSocket4Net\Websockets.WebSocket4Net.csproj", "{9804B451-01CF-4455-BD0E-9607B9F74E5F}"
EndProject
Project("{9A19103F-16F7-4668-BE54-9A1E7A4F7556}") = "Websockets.Standard", "Websockets\Websockets.Standard.csproj", "{52DF5FD1-F157-4CDE-AD9A-A3EFE692316B}"
EndProject
Project("{9A19103F-16F7-4668-BE54-9A1E7A4F7556}") = "Websockets.NetStandard", "Websockets.NetStandard\Websockets.NetStandard.csproj", "{5F8EC505-ED3D-4D24-A25D-F25609C51D04}"
EndProject
Project("{FAE04EC0-301F-11D3-BF4B-00C04F79EFBC}") = "Websockets.Universal", "Websockets.Universal\Websockets.Universal.csproj", "{FBDCFF5A-A517-4E40-B430-B9D3C929940B}"
EndProject
Project("{9A19103F-16F7-4668-BE54-9A1E7A4F7556}") = "Websockets.NetStandard2", "Websockets.NetStandard2\Websockets.NetStandard2.csproj", "{4EB79E57-290A-4AA1-A2D2-A6CECA73FC5B}"
EndProject
Project("{9A19103F-16F7-4668-BE54-9A1E7A4F7556}") = "Websockets.SharedTest", "Websockets.SharedTest\Websockets.SharedTest.csproj", "{40C697FB-3CD8-41AB-BFF4-DB3BF99D5362}"
EndProject
Project("{FAE04EC0-301F-11D3-BF4B-00C04F79EFBC}") = "Websockets.Websocket4NetTests", "Websockets.Websocket4NetTests\Websockets.Websocket4NetTests.csproj", "{2E0CDC1C-0CC5-4B02-8DF0-D7087B07315E}"
EndProject
Global
	GlobalSection(SolutionConfigurationPlatforms) = preSolution
		Ad-Hoc|Any CPU = Ad-Hoc|Any CPU
		Ad-Hoc|ARM = Ad-Hoc|ARM
		Ad-Hoc|iPhone = Ad-Hoc|iPhone
		Ad-Hoc|iPhoneSimulator = Ad-Hoc|iPhoneSimulator
		Ad-Hoc|x64 = Ad-Hoc|x64
		Ad-Hoc|x86 = Ad-Hoc|x86
		AppStore|Any CPU = AppStore|Any CPU
		AppStore|ARM = AppStore|ARM
		AppStore|iPhone = AppStore|iPhone
		AppStore|iPhoneSimulator = AppStore|iPhoneSimulator
		AppStore|x64 = AppStore|x64
		AppStore|x86 = AppStore|x86
		Debug|Any CPU = Debug|Any CPU
		Debug|ARM = Debug|ARM
		Debug|iPhone = Debug|iPhone
		Debug|iPhoneSimulator = Debug|iPhoneSimulator
		Debug|x64 = Debug|x64
		Debug|x86 = Debug|x86
		Release|Any CPU = Release|Any CPU
		Release|ARM = Release|ARM
		Release|iPhone = Release|iPhone
		Release|iPhoneSimulator = Release|iPhoneSimulator
		Release|x64 = Release|x64
		Release|x86 = Release|x86
	EndGlobalSection
	GlobalSection(ProjectConfigurationPlatforms) = postSolution
		{7C64EC65-DF3D-4F46-9E04-D1B67E8AED8D}.Ad-Hoc|Any CPU.ActiveCfg = Debug|Any CPU
		{7C64EC65-DF3D-4F46-9E04-D1B67E8AED8D}.Ad-Hoc|Any CPU.Build.0 = Debug|Any CPU
		{7C64EC65-DF3D-4F46-9E04-D1B67E8AED8D}.Ad-Hoc|Any CPU.Deploy.0 = Debug|Any CPU
		{7C64EC65-DF3D-4F46-9E04-D1B67E8AED8D}.Ad-Hoc|ARM.ActiveCfg = Debug|Any CPU
		{7C64EC65-DF3D-4F46-9E04-D1B67E8AED8D}.Ad-Hoc|ARM.Build.0 = Debug|Any CPU
		{7C64EC65-DF3D-4F46-9E04-D1B67E8AED8D}.Ad-Hoc|ARM.Deploy.0 = Debug|Any CPU
		{7C64EC65-DF3D-4F46-9E04-D1B67E8AED8D}.Ad-Hoc|iPhone.ActiveCfg = Debug|Any CPU
		{7C64EC65-DF3D-4F46-9E04-D1B67E8AED8D}.Ad-Hoc|iPhone.Build.0 = Debug|Any CPU
		{7C64EC65-DF3D-4F46-9E04-D1B67E8AED8D}.Ad-Hoc|iPhone.Deploy.0 = Debug|Any CPU
		{7C64EC65-DF3D-4F46-9E04-D1B67E8AED8D}.Ad-Hoc|iPhoneSimulator.ActiveCfg = Debug|Any CPU
		{7C64EC65-DF3D-4F46-9E04-D1B67E8AED8D}.Ad-Hoc|iPhoneSimulator.Build.0 = Debug|Any CPU
		{7C64EC65-DF3D-4F46-9E04-D1B67E8AED8D}.Ad-Hoc|iPhoneSimulator.Deploy.0 = Debug|Any CPU
		{7C64EC65-DF3D-4F46-9E04-D1B67E8AED8D}.Ad-Hoc|x64.ActiveCfg = Debug|Any CPU
		{7C64EC65-DF3D-4F46-9E04-D1B67E8AED8D}.Ad-Hoc|x64.Build.0 = Debug|Any CPU
		{7C64EC65-DF3D-4F46-9E04-D1B67E8AED8D}.Ad-Hoc|x64.Deploy.0 = Debug|Any CPU
		{7C64EC65-DF3D-4F46-9E04-D1B67E8AED8D}.Ad-Hoc|x86.ActiveCfg = Debug|Any CPU
		{7C64EC65-DF3D-4F46-9E04-D1B67E8AED8D}.Ad-Hoc|x86.Build.0 = Debug|Any CPU
		{7C64EC65-DF3D-4F46-9E04-D1B67E8AED8D}.Ad-Hoc|x86.Deploy.0 = Debug|Any CPU
		{7C64EC65-DF3D-4F46-9E04-D1B67E8AED8D}.AppStore|Any CPU.ActiveCfg = Release|Any CPU
		{7C64EC65-DF3D-4F46-9E04-D1B67E8AED8D}.AppStore|Any CPU.Build.0 = Release|Any CPU
		{7C64EC65-DF3D-4F46-9E04-D1B67E8AED8D}.AppStore|Any CPU.Deploy.0 = Release|Any CPU
		{7C64EC65-DF3D-4F46-9E04-D1B67E8AED8D}.AppStore|ARM.ActiveCfg = Release|Any CPU
		{7C64EC65-DF3D-4F46-9E04-D1B67E8AED8D}.AppStore|ARM.Build.0 = Release|Any CPU
		{7C64EC65-DF3D-4F46-9E04-D1B67E8AED8D}.AppStore|ARM.Deploy.0 = Release|Any CPU
		{7C64EC65-DF3D-4F46-9E04-D1B67E8AED8D}.AppStore|iPhone.ActiveCfg = Debug|Any CPU
		{7C64EC65-DF3D-4F46-9E04-D1B67E8AED8D}.AppStore|iPhone.Build.0 = Debug|Any CPU
		{7C64EC65-DF3D-4F46-9E04-D1B67E8AED8D}.AppStore|iPhone.Deploy.0 = Debug|Any CPU
		{7C64EC65-DF3D-4F46-9E04-D1B67E8AED8D}.AppStore|iPhoneSimulator.ActiveCfg = Debug|Any CPU
		{7C64EC65-DF3D-4F46-9E04-D1B67E8AED8D}.AppStore|iPhoneSimulator.Build.0 = Debug|Any CPU
		{7C64EC65-DF3D-4F46-9E04-D1B67E8AED8D}.AppStore|iPhoneSimulator.Deploy.0 = Debug|Any CPU
		{7C64EC65-DF3D-4F46-9E04-D1B67E8AED8D}.AppStore|x64.ActiveCfg = Release|Any CPU
		{7C64EC65-DF3D-4F46-9E04-D1B67E8AED8D}.AppStore|x64.Build.0 = Release|Any CPU
		{7C64EC65-DF3D-4F46-9E04-D1B67E8AED8D}.AppStore|x64.Deploy.0 = Release|Any CPU
		{7C64EC65-DF3D-4F46-9E04-D1B67E8AED8D}.AppStore|x86.ActiveCfg = Release|Any CPU
		{7C64EC65-DF3D-4F46-9E04-D1B67E8AED8D}.AppStore|x86.Build.0 = Release|Any CPU
		{7C64EC65-DF3D-4F46-9E04-D1B67E8AED8D}.AppStore|x86.Deploy.0 = Release|Any CPU
		{7C64EC65-DF3D-4F46-9E04-D1B67E8AED8D}.Debug|Any CPU.ActiveCfg = Debug|Any CPU
		{7C64EC65-DF3D-4F46-9E04-D1B67E8AED8D}.Debug|ARM.ActiveCfg = Debug|Any CPU
		{7C64EC65-DF3D-4F46-9E04-D1B67E8AED8D}.Debug|ARM.Build.0 = Debug|Any CPU
		{7C64EC65-DF3D-4F46-9E04-D1B67E8AED8D}.Debug|ARM.Deploy.0 = Debug|Any CPU
		{7C64EC65-DF3D-4F46-9E04-D1B67E8AED8D}.Debug|iPhone.ActiveCfg = Debug|Any CPU
		{7C64EC65-DF3D-4F46-9E04-D1B67E8AED8D}.Debug|iPhone.Build.0 = Debug|Any CPU
		{7C64EC65-DF3D-4F46-9E04-D1B67E8AED8D}.Debug|iPhone.Deploy.0 = Debug|Any CPU
		{7C64EC65-DF3D-4F46-9E04-D1B67E8AED8D}.Debug|iPhoneSimulator.ActiveCfg = Debug|Any CPU
		{7C64EC65-DF3D-4F46-9E04-D1B67E8AED8D}.Debug|iPhoneSimulator.Build.0 = Debug|Any CPU
		{7C64EC65-DF3D-4F46-9E04-D1B67E8AED8D}.Debug|iPhoneSimulator.Deploy.0 = Debug|Any CPU
		{7C64EC65-DF3D-4F46-9E04-D1B67E8AED8D}.Debug|x64.ActiveCfg = Debug|Any CPU
		{7C64EC65-DF3D-4F46-9E04-D1B67E8AED8D}.Debug|x64.Build.0 = Debug|Any CPU
		{7C64EC65-DF3D-4F46-9E04-D1B67E8AED8D}.Debug|x64.Deploy.0 = Debug|Any CPU
		{7C64EC65-DF3D-4F46-9E04-D1B67E8AED8D}.Debug|x86.ActiveCfg = Debug|Any CPU
		{7C64EC65-DF3D-4F46-9E04-D1B67E8AED8D}.Debug|x86.Build.0 = Debug|Any CPU
		{7C64EC65-DF3D-4F46-9E04-D1B67E8AED8D}.Debug|x86.Deploy.0 = Debug|Any CPU
		{7C64EC65-DF3D-4F46-9E04-D1B67E8AED8D}.Release|Any CPU.ActiveCfg = Release|Any CPU
		{7C64EC65-DF3D-4F46-9E04-D1B67E8AED8D}.Release|Any CPU.Build.0 = Release|Any CPU
		{7C64EC65-DF3D-4F46-9E04-D1B67E8AED8D}.Release|Any CPU.Deploy.0 = Release|Any CPU
		{7C64EC65-DF3D-4F46-9E04-D1B67E8AED8D}.Release|ARM.ActiveCfg = Release|Any CPU
		{7C64EC65-DF3D-4F46-9E04-D1B67E8AED8D}.Release|ARM.Build.0 = Release|Any CPU
		{7C64EC65-DF3D-4F46-9E04-D1B67E8AED8D}.Release|ARM.Deploy.0 = Release|Any CPU
		{7C64EC65-DF3D-4F46-9E04-D1B67E8AED8D}.Release|iPhone.ActiveCfg = Release|Any CPU
		{7C64EC65-DF3D-4F46-9E04-D1B67E8AED8D}.Release|iPhone.Build.0 = Release|Any CPU
		{7C64EC65-DF3D-4F46-9E04-D1B67E8AED8D}.Release|iPhone.Deploy.0 = Release|Any CPU
		{7C64EC65-DF3D-4F46-9E04-D1B67E8AED8D}.Release|iPhoneSimulator.ActiveCfg = Release|Any CPU
		{7C64EC65-DF3D-4F46-9E04-D1B67E8AED8D}.Release|iPhoneSimulator.Build.0 = Release|Any CPU
		{7C64EC65-DF3D-4F46-9E04-D1B67E8AED8D}.Release|iPhoneSimulator.Deploy.0 = Release|Any CPU
		{7C64EC65-DF3D-4F46-9E04-D1B67E8AED8D}.Release|x64.ActiveCfg = Release|Any CPU
		{7C64EC65-DF3D-4F46-9E04-D1B67E8AED8D}.Release|x64.Build.0 = Release|Any CPU
		{7C64EC65-DF3D-4F46-9E04-D1B67E8AED8D}.Release|x64.Deploy.0 = Release|Any CPU
		{7C64EC65-DF3D-4F46-9E04-D1B67E8AED8D}.Release|x86.ActiveCfg = Release|Any CPU
		{7C64EC65-DF3D-4F46-9E04-D1B67E8AED8D}.Release|x86.Build.0 = Release|Any CPU
		{7C64EC65-DF3D-4F46-9E04-D1B67E8AED8D}.Release|x86.Deploy.0 = Release|Any CPU
		{3F902678-D710-4922-ABE1-9FFD05C62272}.Ad-Hoc|Any CPU.ActiveCfg = Release|iPhoneSimulator
		{3F902678-D710-4922-ABE1-9FFD05C62272}.Ad-Hoc|Any CPU.Build.0 = Release|iPhoneSimulator
		{3F902678-D710-4922-ABE1-9FFD05C62272}.Ad-Hoc|ARM.ActiveCfg = Release|iPhoneSimulator
		{3F902678-D710-4922-ABE1-9FFD05C62272}.Ad-Hoc|ARM.Build.0 = Release|iPhoneSimulator
		{3F902678-D710-4922-ABE1-9FFD05C62272}.Ad-Hoc|iPhone.ActiveCfg = Release|iPhone
		{3F902678-D710-4922-ABE1-9FFD05C62272}.Ad-Hoc|iPhone.Build.0 = Release|iPhone
		{3F902678-D710-4922-ABE1-9FFD05C62272}.Ad-Hoc|iPhoneSimulator.ActiveCfg = Release|iPhoneSimulator
		{3F902678-D710-4922-ABE1-9FFD05C62272}.Ad-Hoc|iPhoneSimulator.Build.0 = Release|iPhoneSimulator
		{3F902678-D710-4922-ABE1-9FFD05C62272}.Ad-Hoc|x64.ActiveCfg = Release|iPhoneSimulator
		{3F902678-D710-4922-ABE1-9FFD05C62272}.Ad-Hoc|x64.Build.0 = Release|iPhoneSimulator
		{3F902678-D710-4922-ABE1-9FFD05C62272}.Ad-Hoc|x86.ActiveCfg = Release|iPhoneSimulator
		{3F902678-D710-4922-ABE1-9FFD05C62272}.Ad-Hoc|x86.Build.0 = Release|iPhoneSimulator
		{3F902678-D710-4922-ABE1-9FFD05C62272}.AppStore|Any CPU.ActiveCfg = Release|iPhoneSimulator
		{3F902678-D710-4922-ABE1-9FFD05C62272}.AppStore|Any CPU.Build.0 = Release|iPhoneSimulator
		{3F902678-D710-4922-ABE1-9FFD05C62272}.AppStore|ARM.ActiveCfg = Release|iPhoneSimulator
		{3F902678-D710-4922-ABE1-9FFD05C62272}.AppStore|ARM.Build.0 = Release|iPhoneSimulator
		{3F902678-D710-4922-ABE1-9FFD05C62272}.AppStore|iPhone.ActiveCfg = Release|iPhone
		{3F902678-D710-4922-ABE1-9FFD05C62272}.AppStore|iPhone.Build.0 = Release|iPhone
		{3F902678-D710-4922-ABE1-9FFD05C62272}.AppStore|iPhoneSimulator.ActiveCfg = Release|iPhoneSimulator
		{3F902678-D710-4922-ABE1-9FFD05C62272}.AppStore|iPhoneSimulator.Build.0 = Release|iPhoneSimulator
		{3F902678-D710-4922-ABE1-9FFD05C62272}.AppStore|x64.ActiveCfg = Release|iPhoneSimulator
		{3F902678-D710-4922-ABE1-9FFD05C62272}.AppStore|x64.Build.0 = Release|iPhoneSimulator
		{3F902678-D710-4922-ABE1-9FFD05C62272}.AppStore|x86.ActiveCfg = Release|iPhoneSimulator
		{3F902678-D710-4922-ABE1-9FFD05C62272}.AppStore|x86.Build.0 = Release|iPhoneSimulator
		{3F902678-D710-4922-ABE1-9FFD05C62272}.Debug|Any CPU.ActiveCfg = Debug|iPhone
		{3F902678-D710-4922-ABE1-9FFD05C62272}.Debug|ARM.ActiveCfg = Debug|iPhone
		{3F902678-D710-4922-ABE1-9FFD05C62272}.Debug|iPhone.ActiveCfg = Debug|iPhone
		{3F902678-D710-4922-ABE1-9FFD05C62272}.Debug|iPhone.Build.0 = Debug|iPhone
		{3F902678-D710-4922-ABE1-9FFD05C62272}.Debug|iPhoneSimulator.ActiveCfg = Debug|iPhoneSimulator
		{3F902678-D710-4922-ABE1-9FFD05C62272}.Debug|iPhoneSimulator.Build.0 = Debug|iPhoneSimulator
		{3F902678-D710-4922-ABE1-9FFD05C62272}.Debug|x64.ActiveCfg = Debug|iPhone
		{3F902678-D710-4922-ABE1-9FFD05C62272}.Debug|x86.ActiveCfg = Debug|iPhone
		{3F902678-D710-4922-ABE1-9FFD05C62272}.Release|Any CPU.ActiveCfg = Release|iPhone
		{3F902678-D710-4922-ABE1-9FFD05C62272}.Release|ARM.ActiveCfg = Release|iPhone
		{3F902678-D710-4922-ABE1-9FFD05C62272}.Release|iPhone.ActiveCfg = Release|iPhone
		{3F902678-D710-4922-ABE1-9FFD05C62272}.Release|iPhone.Build.0 = Release|iPhone
		{3F902678-D710-4922-ABE1-9FFD05C62272}.Release|iPhoneSimulator.ActiveCfg = Release|iPhoneSimulator
		{3F902678-D710-4922-ABE1-9FFD05C62272}.Release|iPhoneSimulator.Build.0 = Release|iPhoneSimulator
		{3F902678-D710-4922-ABE1-9FFD05C62272}.Release|x64.ActiveCfg = Release|iPhone
		{3F902678-D710-4922-ABE1-9FFD05C62272}.Release|x86.ActiveCfg = Release|iPhone
		{0A65C595-9E17-487C-A880-A11DA9751D89}.Ad-Hoc|Any CPU.ActiveCfg = Debug|Any CPU
		{0A65C595-9E17-487C-A880-A11DA9751D89}.Ad-Hoc|Any CPU.Build.0 = Debug|Any CPU
		{0A65C595-9E17-487C-A880-A11DA9751D89}.Ad-Hoc|ARM.ActiveCfg = Debug|Any CPU
		{0A65C595-9E17-487C-A880-A11DA9751D89}.Ad-Hoc|ARM.Build.0 = Debug|Any CPU
		{0A65C595-9E17-487C-A880-A11DA9751D89}.Ad-Hoc|iPhone.ActiveCfg = Debug|Any CPU
		{0A65C595-9E17-487C-A880-A11DA9751D89}.Ad-Hoc|iPhone.Build.0 = Debug|Any CPU
		{0A65C595-9E17-487C-A880-A11DA9751D89}.Ad-Hoc|iPhoneSimulator.ActiveCfg = Debug|Any CPU
		{0A65C595-9E17-487C-A880-A11DA9751D89}.Ad-Hoc|iPhoneSimulator.Build.0 = Debug|Any CPU
		{0A65C595-9E17-487C-A880-A11DA9751D89}.Ad-Hoc|x64.ActiveCfg = Debug|Any CPU
		{0A65C595-9E17-487C-A880-A11DA9751D89}.Ad-Hoc|x64.Build.0 = Debug|Any CPU
		{0A65C595-9E17-487C-A880-A11DA9751D89}.Ad-Hoc|x86.ActiveCfg = Debug|Any CPU
		{0A65C595-9E17-487C-A880-A11DA9751D89}.Ad-Hoc|x86.Build.0 = Debug|Any CPU
		{0A65C595-9E17-487C-A880-A11DA9751D89}.AppStore|Any CPU.ActiveCfg = Release|Any CPU
		{0A65C595-9E17-487C-A880-A11DA9751D89}.AppStore|Any CPU.Build.0 = Release|Any CPU
		{0A65C595-9E17-487C-A880-A11DA9751D89}.AppStore|ARM.ActiveCfg = Release|Any CPU
		{0A65C595-9E17-487C-A880-A11DA9751D89}.AppStore|ARM.Build.0 = Release|Any CPU
		{0A65C595-9E17-487C-A880-A11DA9751D89}.AppStore|iPhone.ActiveCfg = Debug|Any CPU
		{0A65C595-9E17-487C-A880-A11DA9751D89}.AppStore|iPhone.Build.0 = Debug|Any CPU
		{0A65C595-9E17-487C-A880-A11DA9751D89}.AppStore|iPhoneSimulator.ActiveCfg = Debug|Any CPU
		{0A65C595-9E17-487C-A880-A11DA9751D89}.AppStore|iPhoneSimulator.Build.0 = Debug|Any CPU
		{0A65C595-9E17-487C-A880-A11DA9751D89}.AppStore|x64.ActiveCfg = Release|Any CPU
		{0A65C595-9E17-487C-A880-A11DA9751D89}.AppStore|x64.Build.0 = Release|Any CPU
		{0A65C595-9E17-487C-A880-A11DA9751D89}.AppStore|x86.ActiveCfg = Release|Any CPU
		{0A65C595-9E17-487C-A880-A11DA9751D89}.AppStore|x86.Build.0 = Release|Any CPU
		{0A65C595-9E17-487C-A880-A11DA9751D89}.Debug|Any CPU.ActiveCfg = Debug|Any CPU
		{0A65C595-9E17-487C-A880-A11DA9751D89}.Debug|Any CPU.Build.0 = Debug|Any CPU
		{0A65C595-9E17-487C-A880-A11DA9751D89}.Debug|ARM.ActiveCfg = Debug|Any CPU
		{0A65C595-9E17-487C-A880-A11DA9751D89}.Debug|ARM.Build.0 = Debug|Any CPU
		{0A65C595-9E17-487C-A880-A11DA9751D89}.Debug|iPhone.ActiveCfg = Debug|Any CPU
		{0A65C595-9E17-487C-A880-A11DA9751D89}.Debug|iPhone.Build.0 = Debug|Any CPU
		{0A65C595-9E17-487C-A880-A11DA9751D89}.Debug|iPhoneSimulator.ActiveCfg = Debug|Any CPU
		{0A65C595-9E17-487C-A880-A11DA9751D89}.Debug|iPhoneSimulator.Build.0 = Debug|Any CPU
		{0A65C595-9E17-487C-A880-A11DA9751D89}.Debug|x64.ActiveCfg = Debug|Any CPU
		{0A65C595-9E17-487C-A880-A11DA9751D89}.Debug|x64.Build.0 = Debug|Any CPU
		{0A65C595-9E17-487C-A880-A11DA9751D89}.Debug|x86.ActiveCfg = Debug|Any CPU
		{0A65C595-9E17-487C-A880-A11DA9751D89}.Debug|x86.Build.0 = Debug|Any CPU
		{0A65C595-9E17-487C-A880-A11DA9751D89}.Release|Any CPU.ActiveCfg = Release|Any CPU
		{0A65C595-9E17-487C-A880-A11DA9751D89}.Release|Any CPU.Build.0 = Release|Any CPU
		{0A65C595-9E17-487C-A880-A11DA9751D89}.Release|ARM.ActiveCfg = Release|Any CPU
		{0A65C595-9E17-487C-A880-A11DA9751D89}.Release|ARM.Build.0 = Release|Any CPU
		{0A65C595-9E17-487C-A880-A11DA9751D89}.Release|iPhone.ActiveCfg = Release|Any CPU
		{0A65C595-9E17-487C-A880-A11DA9751D89}.Release|iPhone.Build.0 = Release|Any CPU
		{0A65C595-9E17-487C-A880-A11DA9751D89}.Release|iPhoneSimulator.ActiveCfg = Release|Any CPU
		{0A65C595-9E17-487C-A880-A11DA9751D89}.Release|iPhoneSimulator.Build.0 = Release|Any CPU
		{0A65C595-9E17-487C-A880-A11DA9751D89}.Release|x64.ActiveCfg = Release|Any CPU
		{0A65C595-9E17-487C-A880-A11DA9751D89}.Release|x64.Build.0 = Release|Any CPU
		{0A65C595-9E17-487C-A880-A11DA9751D89}.Release|x86.ActiveCfg = Release|Any CPU
		{0A65C595-9E17-487C-A880-A11DA9751D89}.Release|x86.Build.0 = Release|Any CPU
		{DD8C01F3-188F-40E5-B8B1-62DB48C1847F}.Ad-Hoc|Any CPU.ActiveCfg = Release|Any CPU
		{DD8C01F3-188F-40E5-B8B1-62DB48C1847F}.Ad-Hoc|Any CPU.Build.0 = Release|Any CPU
		{DD8C01F3-188F-40E5-B8B1-62DB48C1847F}.Ad-Hoc|ARM.ActiveCfg = Release|Any CPU
		{DD8C01F3-188F-40E5-B8B1-62DB48C1847F}.Ad-Hoc|ARM.Build.0 = Release|Any CPU
		{DD8C01F3-188F-40E5-B8B1-62DB48C1847F}.Ad-Hoc|iPhone.ActiveCfg = Release|Any CPU
		{DD8C01F3-188F-40E5-B8B1-62DB48C1847F}.Ad-Hoc|iPhone.Build.0 = Release|Any CPU
		{DD8C01F3-188F-40E5-B8B1-62DB48C1847F}.Ad-Hoc|iPhoneSimulator.ActiveCfg = Release|Any CPU
		{DD8C01F3-188F-40E5-B8B1-62DB48C1847F}.Ad-Hoc|iPhoneSimulator.Build.0 = Release|Any CPU
		{DD8C01F3-188F-40E5-B8B1-62DB48C1847F}.Ad-Hoc|x64.ActiveCfg = Release|Any CPU
		{DD8C01F3-188F-40E5-B8B1-62DB48C1847F}.Ad-Hoc|x64.Build.0 = Release|Any CPU
		{DD8C01F3-188F-40E5-B8B1-62DB48C1847F}.Ad-Hoc|x86.ActiveCfg = Release|Any CPU
		{DD8C01F3-188F-40E5-B8B1-62DB48C1847F}.Ad-Hoc|x86.Build.0 = Release|Any CPU
		{DD8C01F3-188F-40E5-B8B1-62DB48C1847F}.AppStore|Any CPU.ActiveCfg = Release|Any CPU
		{DD8C01F3-188F-40E5-B8B1-62DB48C1847F}.AppStore|Any CPU.Build.0 = Release|Any CPU
		{DD8C01F3-188F-40E5-B8B1-62DB48C1847F}.AppStore|ARM.ActiveCfg = Release|Any CPU
		{DD8C01F3-188F-40E5-B8B1-62DB48C1847F}.AppStore|ARM.Build.0 = Release|Any CPU
		{DD8C01F3-188F-40E5-B8B1-62DB48C1847F}.AppStore|iPhone.ActiveCfg = Release|Any CPU
		{DD8C01F3-188F-40E5-B8B1-62DB48C1847F}.AppStore|iPhone.Build.0 = Release|Any CPU
		{DD8C01F3-188F-40E5-B8B1-62DB48C1847F}.AppStore|iPhoneSimulator.ActiveCfg = Release|Any CPU
		{DD8C01F3-188F-40E5-B8B1-62DB48C1847F}.AppStore|iPhoneSimulator.Build.0 = Release|Any CPU
		{DD8C01F3-188F-40E5-B8B1-62DB48C1847F}.AppStore|x64.ActiveCfg = Release|Any CPU
		{DD8C01F3-188F-40E5-B8B1-62DB48C1847F}.AppStore|x64.Build.0 = Release|Any CPU
		{DD8C01F3-188F-40E5-B8B1-62DB48C1847F}.AppStore|x86.ActiveCfg = Release|Any CPU
		{DD8C01F3-188F-40E5-B8B1-62DB48C1847F}.AppStore|x86.Build.0 = Release|Any CPU
		{DD8C01F3-188F-40E5-B8B1-62DB48C1847F}.Debug|Any CPU.ActiveCfg = Debug|Any CPU
		{DD8C01F3-188F-40E5-B8B1-62DB48C1847F}.Debug|Any CPU.Build.0 = Debug|Any CPU
		{DD8C01F3-188F-40E5-B8B1-62DB48C1847F}.Debug|ARM.ActiveCfg = Debug|Any CPU
		{DD8C01F3-188F-40E5-B8B1-62DB48C1847F}.Debug|ARM.Build.0 = Debug|Any CPU
		{DD8C01F3-188F-40E5-B8B1-62DB48C1847F}.Debug|iPhone.ActiveCfg = Debug|Any CPU
		{DD8C01F3-188F-40E5-B8B1-62DB48C1847F}.Debug|iPhone.Build.0 = Debug|Any CPU
		{DD8C01F3-188F-40E5-B8B1-62DB48C1847F}.Debug|iPhoneSimulator.ActiveCfg = Debug|Any CPU
		{DD8C01F3-188F-40E5-B8B1-62DB48C1847F}.Debug|iPhoneSimulator.Build.0 = Debug|Any CPU
		{DD8C01F3-188F-40E5-B8B1-62DB48C1847F}.Debug|x64.ActiveCfg = Debug|Any CPU
		{DD8C01F3-188F-40E5-B8B1-62DB48C1847F}.Debug|x64.Build.0 = Debug|Any CPU
		{DD8C01F3-188F-40E5-B8B1-62DB48C1847F}.Debug|x86.ActiveCfg = Debug|Any CPU
		{DD8C01F3-188F-40E5-B8B1-62DB48C1847F}.Debug|x86.Build.0 = Debug|Any CPU
		{DD8C01F3-188F-40E5-B8B1-62DB48C1847F}.Release|Any CPU.ActiveCfg = Release|Any CPU
		{DD8C01F3-188F-40E5-B8B1-62DB48C1847F}.Release|Any CPU.Build.0 = Release|Any CPU
		{DD8C01F3-188F-40E5-B8B1-62DB48C1847F}.Release|ARM.ActiveCfg = Release|Any CPU
		{DD8C01F3-188F-40E5-B8B1-62DB48C1847F}.Release|ARM.Build.0 = Release|Any CPU
		{DD8C01F3-188F-40E5-B8B1-62DB48C1847F}.Release|iPhone.ActiveCfg = Release|Any CPU
		{DD8C01F3-188F-40E5-B8B1-62DB48C1847F}.Release|iPhone.Build.0 = Release|Any CPU
		{DD8C01F3-188F-40E5-B8B1-62DB48C1847F}.Release|iPhoneSimulator.ActiveCfg = Release|Any CPU
		{DD8C01F3-188F-40E5-B8B1-62DB48C1847F}.Release|iPhoneSimulator.Build.0 = Release|Any CPU
		{DD8C01F3-188F-40E5-B8B1-62DB48C1847F}.Release|x64.ActiveCfg = Release|Any CPU
		{DD8C01F3-188F-40E5-B8B1-62DB48C1847F}.Release|x64.Build.0 = Release|Any CPU
		{DD8C01F3-188F-40E5-B8B1-62DB48C1847F}.Release|x86.ActiveCfg = Release|Any CPU
		{DD8C01F3-188F-40E5-B8B1-62DB48C1847F}.Release|x86.Build.0 = Release|Any CPU
		{61331F41-683A-4A68-AD09-368ADBA677B7}.Ad-Hoc|Any CPU.ActiveCfg = Debug|Any CPU
		{61331F41-683A-4A68-AD09-368ADBA677B7}.Ad-Hoc|Any CPU.Build.0 = Debug|Any CPU
		{61331F41-683A-4A68-AD09-368ADBA677B7}.Ad-Hoc|ARM.ActiveCfg = Debug|Any CPU
		{61331F41-683A-4A68-AD09-368ADBA677B7}.Ad-Hoc|ARM.Build.0 = Debug|Any CPU
		{61331F41-683A-4A68-AD09-368ADBA677B7}.Ad-Hoc|iPhone.ActiveCfg = Debug|Any CPU
		{61331F41-683A-4A68-AD09-368ADBA677B7}.Ad-Hoc|iPhone.Build.0 = Debug|Any CPU
		{61331F41-683A-4A68-AD09-368ADBA677B7}.Ad-Hoc|iPhoneSimulator.ActiveCfg = Debug|Any CPU
		{61331F41-683A-4A68-AD09-368ADBA677B7}.Ad-Hoc|iPhoneSimulator.Build.0 = Debug|Any CPU
		{61331F41-683A-4A68-AD09-368ADBA677B7}.Ad-Hoc|x64.ActiveCfg = Debug|Any CPU
		{61331F41-683A-4A68-AD09-368ADBA677B7}.Ad-Hoc|x64.Build.0 = Debug|Any CPU
		{61331F41-683A-4A68-AD09-368ADBA677B7}.Ad-Hoc|x86.ActiveCfg = Debug|Any CPU
		{61331F41-683A-4A68-AD09-368ADBA677B7}.Ad-Hoc|x86.Build.0 = Debug|Any CPU
		{61331F41-683A-4A68-AD09-368ADBA677B7}.AppStore|Any CPU.ActiveCfg = Release|Any CPU
		{61331F41-683A-4A68-AD09-368ADBA677B7}.AppStore|Any CPU.Build.0 = Release|Any CPU
		{61331F41-683A-4A68-AD09-368ADBA677B7}.AppStore|ARM.ActiveCfg = Release|Any CPU
		{61331F41-683A-4A68-AD09-368ADBA677B7}.AppStore|ARM.Build.0 = Release|Any CPU
		{61331F41-683A-4A68-AD09-368ADBA677B7}.AppStore|iPhone.ActiveCfg = Debug|Any CPU
		{61331F41-683A-4A68-AD09-368ADBA677B7}.AppStore|iPhone.Build.0 = Debug|Any CPU
		{61331F41-683A-4A68-AD09-368ADBA677B7}.AppStore|iPhoneSimulator.ActiveCfg = Debug|Any CPU
		{61331F41-683A-4A68-AD09-368ADBA677B7}.AppStore|iPhoneSimulator.Build.0 = Debug|Any CPU
		{61331F41-683A-4A68-AD09-368ADBA677B7}.AppStore|x64.ActiveCfg = Release|Any CPU
		{61331F41-683A-4A68-AD09-368ADBA677B7}.AppStore|x64.Build.0 = Release|Any CPU
		{61331F41-683A-4A68-AD09-368ADBA677B7}.AppStore|x86.ActiveCfg = Release|Any CPU
		{61331F41-683A-4A68-AD09-368ADBA677B7}.AppStore|x86.Build.0 = Release|Any CPU
		{61331F41-683A-4A68-AD09-368ADBA677B7}.Debug|Any CPU.ActiveCfg = Debug|Any CPU
		{61331F41-683A-4A68-AD09-368ADBA677B7}.Debug|Any CPU.Build.0 = Debug|Any CPU
		{61331F41-683A-4A68-AD09-368ADBA677B7}.Debug|ARM.ActiveCfg = Debug|Any CPU
		{61331F41-683A-4A68-AD09-368ADBA677B7}.Debug|ARM.Build.0 = Debug|Any CPU
		{61331F41-683A-4A68-AD09-368ADBA677B7}.Debug|iPhone.ActiveCfg = Debug|Any CPU
		{61331F41-683A-4A68-AD09-368ADBA677B7}.Debug|iPhone.Build.0 = Debug|Any CPU
		{61331F41-683A-4A68-AD09-368ADBA677B7}.Debug|iPhoneSimulator.ActiveCfg = Debug|Any CPU
		{61331F41-683A-4A68-AD09-368ADBA677B7}.Debug|iPhoneSimulator.Build.0 = Debug|Any CPU
		{61331F41-683A-4A68-AD09-368ADBA677B7}.Debug|x64.ActiveCfg = Debug|Any CPU
		{61331F41-683A-4A68-AD09-368ADBA677B7}.Debug|x64.Build.0 = Debug|Any CPU
		{61331F41-683A-4A68-AD09-368ADBA677B7}.Debug|x86.ActiveCfg = Debug|Any CPU
		{61331F41-683A-4A68-AD09-368ADBA677B7}.Debug|x86.Build.0 = Debug|Any CPU
		{61331F41-683A-4A68-AD09-368ADBA677B7}.Release|Any CPU.ActiveCfg = Release|Any CPU
		{61331F41-683A-4A68-AD09-368ADBA677B7}.Release|Any CPU.Build.0 = Release|Any CPU
		{61331F41-683A-4A68-AD09-368ADBA677B7}.Release|ARM.ActiveCfg = Release|Any CPU
		{61331F41-683A-4A68-AD09-368ADBA677B7}.Release|ARM.Build.0 = Release|Any CPU
		{61331F41-683A-4A68-AD09-368ADBA677B7}.Release|iPhone.ActiveCfg = Release|Any CPU
		{61331F41-683A-4A68-AD09-368ADBA677B7}.Release|iPhone.Build.0 = Release|Any CPU
		{61331F41-683A-4A68-AD09-368ADBA677B7}.Release|iPhoneSimulator.ActiveCfg = Release|Any CPU
		{61331F41-683A-4A68-AD09-368ADBA677B7}.Release|iPhoneSimulator.Build.0 = Release|Any CPU
		{61331F41-683A-4A68-AD09-368ADBA677B7}.Release|x64.ActiveCfg = Release|Any CPU
		{61331F41-683A-4A68-AD09-368ADBA677B7}.Release|x64.Build.0 = Release|Any CPU
		{61331F41-683A-4A68-AD09-368ADBA677B7}.Release|x86.ActiveCfg = Release|Any CPU
		{61331F41-683A-4A68-AD09-368ADBA677B7}.Release|x86.Build.0 = Release|Any CPU
		{2A9EE65A-539B-45C0-8E9F-6DDBB2AE5139}.Ad-Hoc|Any CPU.ActiveCfg = Release|x64
		{2A9EE65A-539B-45C0-8E9F-6DDBB2AE5139}.Ad-Hoc|Any CPU.Build.0 = Release|x64
		{2A9EE65A-539B-45C0-8E9F-6DDBB2AE5139}.Ad-Hoc|Any CPU.Deploy.0 = Release|x64
		{2A9EE65A-539B-45C0-8E9F-6DDBB2AE5139}.Ad-Hoc|ARM.ActiveCfg = Release|ARM
		{2A9EE65A-539B-45C0-8E9F-6DDBB2AE5139}.Ad-Hoc|ARM.Build.0 = Release|ARM
		{2A9EE65A-539B-45C0-8E9F-6DDBB2AE5139}.Ad-Hoc|ARM.Deploy.0 = Release|ARM
		{2A9EE65A-539B-45C0-8E9F-6DDBB2AE5139}.Ad-Hoc|iPhone.ActiveCfg = Release|x64
		{2A9EE65A-539B-45C0-8E9F-6DDBB2AE5139}.Ad-Hoc|iPhone.Build.0 = Release|x64
		{2A9EE65A-539B-45C0-8E9F-6DDBB2AE5139}.Ad-Hoc|iPhone.Deploy.0 = Release|x64
		{2A9EE65A-539B-45C0-8E9F-6DDBB2AE5139}.Ad-Hoc|iPhoneSimulator.ActiveCfg = Release|x64
		{2A9EE65A-539B-45C0-8E9F-6DDBB2AE5139}.Ad-Hoc|iPhoneSimulator.Build.0 = Release|x64
		{2A9EE65A-539B-45C0-8E9F-6DDBB2AE5139}.Ad-Hoc|iPhoneSimulator.Deploy.0 = Release|x64
		{2A9EE65A-539B-45C0-8E9F-6DDBB2AE5139}.Ad-Hoc|x64.ActiveCfg = Release|x64
		{2A9EE65A-539B-45C0-8E9F-6DDBB2AE5139}.Ad-Hoc|x64.Build.0 = Release|x64
		{2A9EE65A-539B-45C0-8E9F-6DDBB2AE5139}.Ad-Hoc|x64.Deploy.0 = Release|x64
		{2A9EE65A-539B-45C0-8E9F-6DDBB2AE5139}.Ad-Hoc|x86.ActiveCfg = Release|x86
		{2A9EE65A-539B-45C0-8E9F-6DDBB2AE5139}.Ad-Hoc|x86.Build.0 = Release|x86
		{2A9EE65A-539B-45C0-8E9F-6DDBB2AE5139}.Ad-Hoc|x86.Deploy.0 = Release|x86
		{2A9EE65A-539B-45C0-8E9F-6DDBB2AE5139}.AppStore|Any CPU.ActiveCfg = Release|x64
		{2A9EE65A-539B-45C0-8E9F-6DDBB2AE5139}.AppStore|Any CPU.Build.0 = Release|x64
		{2A9EE65A-539B-45C0-8E9F-6DDBB2AE5139}.AppStore|Any CPU.Deploy.0 = Release|x64
		{2A9EE65A-539B-45C0-8E9F-6DDBB2AE5139}.AppStore|ARM.ActiveCfg = Release|ARM
		{2A9EE65A-539B-45C0-8E9F-6DDBB2AE5139}.AppStore|ARM.Build.0 = Release|ARM
		{2A9EE65A-539B-45C0-8E9F-6DDBB2AE5139}.AppStore|ARM.Deploy.0 = Release|ARM
		{2A9EE65A-539B-45C0-8E9F-6DDBB2AE5139}.AppStore|iPhone.ActiveCfg = Release|x64
		{2A9EE65A-539B-45C0-8E9F-6DDBB2AE5139}.AppStore|iPhone.Build.0 = Release|x64
		{2A9EE65A-539B-45C0-8E9F-6DDBB2AE5139}.AppStore|iPhone.Deploy.0 = Release|x64
		{2A9EE65A-539B-45C0-8E9F-6DDBB2AE5139}.AppStore|iPhoneSimulator.ActiveCfg = Release|x64
		{2A9EE65A-539B-45C0-8E9F-6DDBB2AE5139}.AppStore|iPhoneSimulator.Build.0 = Release|x64
		{2A9EE65A-539B-45C0-8E9F-6DDBB2AE5139}.AppStore|iPhoneSimulator.Deploy.0 = Release|x64
		{2A9EE65A-539B-45C0-8E9F-6DDBB2AE5139}.AppStore|x64.ActiveCfg = Release|x64
		{2A9EE65A-539B-45C0-8E9F-6DDBB2AE5139}.AppStore|x64.Build.0 = Release|x64
		{2A9EE65A-539B-45C0-8E9F-6DDBB2AE5139}.AppStore|x64.Deploy.0 = Release|x64
		{2A9EE65A-539B-45C0-8E9F-6DDBB2AE5139}.AppStore|x86.ActiveCfg = Release|x86
		{2A9EE65A-539B-45C0-8E9F-6DDBB2AE5139}.AppStore|x86.Build.0 = Release|x86
		{2A9EE65A-539B-45C0-8E9F-6DDBB2AE5139}.AppStore|x86.Deploy.0 = Release|x86
		{2A9EE65A-539B-45C0-8E9F-6DDBB2AE5139}.Debug|Any CPU.ActiveCfg = Debug|x86
		{2A9EE65A-539B-45C0-8E9F-6DDBB2AE5139}.Debug|ARM.ActiveCfg = Debug|ARM
		{2A9EE65A-539B-45C0-8E9F-6DDBB2AE5139}.Debug|ARM.Build.0 = Debug|ARM
		{2A9EE65A-539B-45C0-8E9F-6DDBB2AE5139}.Debug|ARM.Deploy.0 = Debug|ARM
		{2A9EE65A-539B-45C0-8E9F-6DDBB2AE5139}.Debug|iPhone.ActiveCfg = Debug|x86
		{2A9EE65A-539B-45C0-8E9F-6DDBB2AE5139}.Debug|iPhoneSimulator.ActiveCfg = Debug|x86
		{2A9EE65A-539B-45C0-8E9F-6DDBB2AE5139}.Debug|x64.ActiveCfg = Debug|x64
		{2A9EE65A-539B-45C0-8E9F-6DDBB2AE5139}.Debug|x64.Build.0 = Debug|x64
		{2A9EE65A-539B-45C0-8E9F-6DDBB2AE5139}.Debug|x64.Deploy.0 = Debug|x64
		{2A9EE65A-539B-45C0-8E9F-6DDBB2AE5139}.Debug|x86.ActiveCfg = Debug|x86
		{2A9EE65A-539B-45C0-8E9F-6DDBB2AE5139}.Debug|x86.Build.0 = Debug|x86
		{2A9EE65A-539B-45C0-8E9F-6DDBB2AE5139}.Debug|x86.Deploy.0 = Debug|x86
		{2A9EE65A-539B-45C0-8E9F-6DDBB2AE5139}.Release|Any CPU.ActiveCfg = Release|x86
		{2A9EE65A-539B-45C0-8E9F-6DDBB2AE5139}.Release|Any CPU.Build.0 = Release|x86
		{2A9EE65A-539B-45C0-8E9F-6DDBB2AE5139}.Release|Any CPU.Deploy.0 = Release|x86
		{2A9EE65A-539B-45C0-8E9F-6DDBB2AE5139}.Release|ARM.ActiveCfg = Release|ARM
		{2A9EE65A-539B-45C0-8E9F-6DDBB2AE5139}.Release|ARM.Build.0 = Release|ARM
		{2A9EE65A-539B-45C0-8E9F-6DDBB2AE5139}.Release|ARM.Deploy.0 = Release|ARM
		{2A9EE65A-539B-45C0-8E9F-6DDBB2AE5139}.Release|iPhone.ActiveCfg = Release|x86
		{2A9EE65A-539B-45C0-8E9F-6DDBB2AE5139}.Release|iPhoneSimulator.ActiveCfg = Release|x86
		{2A9EE65A-539B-45C0-8E9F-6DDBB2AE5139}.Release|x64.ActiveCfg = Release|x64
		{2A9EE65A-539B-45C0-8E9F-6DDBB2AE5139}.Release|x64.Build.0 = Release|x64
		{2A9EE65A-539B-45C0-8E9F-6DDBB2AE5139}.Release|x64.Deploy.0 = Release|x64
		{2A9EE65A-539B-45C0-8E9F-6DDBB2AE5139}.Release|x86.ActiveCfg = Release|x86
		{2A9EE65A-539B-45C0-8E9F-6DDBB2AE5139}.Release|x86.Build.0 = Release|x86
		{2A9EE65A-539B-45C0-8E9F-6DDBB2AE5139}.Release|x86.Deploy.0 = Release|x86
		{771640E7-025F-4B91-A4FA-C344B1165D6C}.Ad-Hoc|Any CPU.ActiveCfg = Release|Any CPU
		{771640E7-025F-4B91-A4FA-C344B1165D6C}.Ad-Hoc|Any CPU.Build.0 = Release|Any CPU
		{771640E7-025F-4B91-A4FA-C344B1165D6C}.Ad-Hoc|ARM.ActiveCfg = Release|Any CPU
		{771640E7-025F-4B91-A4FA-C344B1165D6C}.Ad-Hoc|ARM.Build.0 = Release|Any CPU
		{771640E7-025F-4B91-A4FA-C344B1165D6C}.Ad-Hoc|iPhone.ActiveCfg = Release|Any CPU
		{771640E7-025F-4B91-A4FA-C344B1165D6C}.Ad-Hoc|iPhone.Build.0 = Release|Any CPU
		{771640E7-025F-4B91-A4FA-C344B1165D6C}.Ad-Hoc|iPhoneSimulator.ActiveCfg = Release|Any CPU
		{771640E7-025F-4B91-A4FA-C344B1165D6C}.Ad-Hoc|iPhoneSimulator.Build.0 = Release|Any CPU
		{771640E7-025F-4B91-A4FA-C344B1165D6C}.Ad-Hoc|x64.ActiveCfg = Release|Any CPU
		{771640E7-025F-4B91-A4FA-C344B1165D6C}.Ad-Hoc|x64.Build.0 = Release|Any CPU
		{771640E7-025F-4B91-A4FA-C344B1165D6C}.Ad-Hoc|x86.ActiveCfg = Release|Any CPU
		{771640E7-025F-4B91-A4FA-C344B1165D6C}.Ad-Hoc|x86.Build.0 = Release|Any CPU
		{771640E7-025F-4B91-A4FA-C344B1165D6C}.AppStore|Any CPU.ActiveCfg = Release|Any CPU
		{771640E7-025F-4B91-A4FA-C344B1165D6C}.AppStore|Any CPU.Build.0 = Release|Any CPU
		{771640E7-025F-4B91-A4FA-C344B1165D6C}.AppStore|ARM.ActiveCfg = Release|Any CPU
		{771640E7-025F-4B91-A4FA-C344B1165D6C}.AppStore|ARM.Build.0 = Release|Any CPU
		{771640E7-025F-4B91-A4FA-C344B1165D6C}.AppStore|iPhone.ActiveCfg = Release|Any CPU
		{771640E7-025F-4B91-A4FA-C344B1165D6C}.AppStore|iPhone.Build.0 = Release|Any CPU
		{771640E7-025F-4B91-A4FA-C344B1165D6C}.AppStore|iPhoneSimulator.ActiveCfg = Release|Any CPU
		{771640E7-025F-4B91-A4FA-C344B1165D6C}.AppStore|iPhoneSimulator.Build.0 = Release|Any CPU
		{771640E7-025F-4B91-A4FA-C344B1165D6C}.AppStore|x64.ActiveCfg = Release|Any CPU
		{771640E7-025F-4B91-A4FA-C344B1165D6C}.AppStore|x64.Build.0 = Release|Any CPU
		{771640E7-025F-4B91-A4FA-C344B1165D6C}.AppStore|x86.ActiveCfg = Release|Any CPU
		{771640E7-025F-4B91-A4FA-C344B1165D6C}.AppStore|x86.Build.0 = Release|Any CPU
		{771640E7-025F-4B91-A4FA-C344B1165D6C}.Debug|Any CPU.ActiveCfg = Debug|Any CPU
		{771640E7-025F-4B91-A4FA-C344B1165D6C}.Debug|Any CPU.Build.0 = Debug|Any CPU
		{771640E7-025F-4B91-A4FA-C344B1165D6C}.Debug|ARM.ActiveCfg = Debug|Any CPU
		{771640E7-025F-4B91-A4FA-C344B1165D6C}.Debug|ARM.Build.0 = Debug|Any CPU
		{771640E7-025F-4B91-A4FA-C344B1165D6C}.Debug|iPhone.ActiveCfg = Debug|Any CPU
		{771640E7-025F-4B91-A4FA-C344B1165D6C}.Debug|iPhone.Build.0 = Debug|Any CPU
		{771640E7-025F-4B91-A4FA-C344B1165D6C}.Debug|iPhoneSimulator.ActiveCfg = Debug|Any CPU
		{771640E7-025F-4B91-A4FA-C344B1165D6C}.Debug|iPhoneSimulator.Build.0 = Debug|Any CPU
		{771640E7-025F-4B91-A4FA-C344B1165D6C}.Debug|x64.ActiveCfg = Debug|Any CPU
		{771640E7-025F-4B91-A4FA-C344B1165D6C}.Debug|x64.Build.0 = Debug|Any CPU
		{771640E7-025F-4B91-A4FA-C344B1165D6C}.Debug|x86.ActiveCfg = Debug|Any CPU
		{771640E7-025F-4B91-A4FA-C344B1165D6C}.Debug|x86.Build.0 = Debug|Any CPU
		{771640E7-025F-4B91-A4FA-C344B1165D6C}.Release|Any CPU.ActiveCfg = Release|Any CPU
		{771640E7-025F-4B91-A4FA-C344B1165D6C}.Release|Any CPU.Build.0 = Release|Any CPU
		{771640E7-025F-4B91-A4FA-C344B1165D6C}.Release|ARM.ActiveCfg = Release|Any CPU
		{771640E7-025F-4B91-A4FA-C344B1165D6C}.Release|ARM.Build.0 = Release|Any CPU
		{771640E7-025F-4B91-A4FA-C344B1165D6C}.Release|iPhone.ActiveCfg = Release|Any CPU
		{771640E7-025F-4B91-A4FA-C344B1165D6C}.Release|iPhone.Build.0 = Release|Any CPU
		{771640E7-025F-4B91-A4FA-C344B1165D6C}.Release|iPhoneSimulator.ActiveCfg = Release|Any CPU
		{771640E7-025F-4B91-A4FA-C344B1165D6C}.Release|iPhoneSimulator.Build.0 = Release|Any CPU
		{771640E7-025F-4B91-A4FA-C344B1165D6C}.Release|x64.ActiveCfg = Release|Any CPU
		{771640E7-025F-4B91-A4FA-C344B1165D6C}.Release|x64.Build.0 = Release|Any CPU
		{771640E7-025F-4B91-A4FA-C344B1165D6C}.Release|x86.ActiveCfg = Release|Any CPU
		{771640E7-025F-4B91-A4FA-C344B1165D6C}.Release|x86.Build.0 = Release|Any CPU
		{9804B451-01CF-4455-BD0E-9607B9F74E5F}.Ad-Hoc|Any CPU.ActiveCfg = Debug|Any CPU
		{9804B451-01CF-4455-BD0E-9607B9F74E5F}.Ad-Hoc|Any CPU.Build.0 = Debug|Any CPU
		{9804B451-01CF-4455-BD0E-9607B9F74E5F}.Ad-Hoc|ARM.ActiveCfg = Debug|Any CPU
		{9804B451-01CF-4455-BD0E-9607B9F74E5F}.Ad-Hoc|ARM.Build.0 = Debug|Any CPU
		{9804B451-01CF-4455-BD0E-9607B9F74E5F}.Ad-Hoc|iPhone.ActiveCfg = Debug|Any CPU
		{9804B451-01CF-4455-BD0E-9607B9F74E5F}.Ad-Hoc|iPhone.Build.0 = Debug|Any CPU
		{9804B451-01CF-4455-BD0E-9607B9F74E5F}.Ad-Hoc|iPhoneSimulator.ActiveCfg = Debug|Any CPU
		{9804B451-01CF-4455-BD0E-9607B9F74E5F}.Ad-Hoc|iPhoneSimulator.Build.0 = Debug|Any CPU
		{9804B451-01CF-4455-BD0E-9607B9F74E5F}.Ad-Hoc|x64.ActiveCfg = Debug|Any CPU
		{9804B451-01CF-4455-BD0E-9607B9F74E5F}.Ad-Hoc|x64.Build.0 = Debug|Any CPU
		{9804B451-01CF-4455-BD0E-9607B9F74E5F}.Ad-Hoc|x86.ActiveCfg = Debug|Any CPU
		{9804B451-01CF-4455-BD0E-9607B9F74E5F}.Ad-Hoc|x86.Build.0 = Debug|Any CPU
		{9804B451-01CF-4455-BD0E-9607B9F74E5F}.AppStore|Any CPU.ActiveCfg = Debug|Any CPU
		{9804B451-01CF-4455-BD0E-9607B9F74E5F}.AppStore|Any CPU.Build.0 = Debug|Any CPU
		{9804B451-01CF-4455-BD0E-9607B9F74E5F}.AppStore|ARM.ActiveCfg = Debug|Any CPU
		{9804B451-01CF-4455-BD0E-9607B9F74E5F}.AppStore|ARM.Build.0 = Debug|Any CPU
		{9804B451-01CF-4455-BD0E-9607B9F74E5F}.AppStore|iPhone.ActiveCfg = Debug|Any CPU
		{9804B451-01CF-4455-BD0E-9607B9F74E5F}.AppStore|iPhone.Build.0 = Debug|Any CPU
		{9804B451-01CF-4455-BD0E-9607B9F74E5F}.AppStore|iPhoneSimulator.ActiveCfg = Debug|Any CPU
		{9804B451-01CF-4455-BD0E-9607B9F74E5F}.AppStore|iPhoneSimulator.Build.0 = Debug|Any CPU
		{9804B451-01CF-4455-BD0E-9607B9F74E5F}.AppStore|x64.ActiveCfg = Debug|Any CPU
		{9804B451-01CF-4455-BD0E-9607B9F74E5F}.AppStore|x64.Build.0 = Debug|Any CPU
		{9804B451-01CF-4455-BD0E-9607B9F74E5F}.AppStore|x86.ActiveCfg = Debug|Any CPU
		{9804B451-01CF-4455-BD0E-9607B9F74E5F}.AppStore|x86.Build.0 = Debug|Any CPU
		{9804B451-01CF-4455-BD0E-9607B9F74E5F}.Debug|Any CPU.ActiveCfg = Debug|Any CPU
		{9804B451-01CF-4455-BD0E-9607B9F74E5F}.Debug|Any CPU.Build.0 = Debug|Any CPU
		{9804B451-01CF-4455-BD0E-9607B9F74E5F}.Debug|ARM.ActiveCfg = Debug|Any CPU
		{9804B451-01CF-4455-BD0E-9607B9F74E5F}.Debug|ARM.Build.0 = Debug|Any CPU
		{9804B451-01CF-4455-BD0E-9607B9F74E5F}.Debug|iPhone.ActiveCfg = Debug|Any CPU
		{9804B451-01CF-4455-BD0E-9607B9F74E5F}.Debug|iPhone.Build.0 = Debug|Any CPU
		{9804B451-01CF-4455-BD0E-9607B9F74E5F}.Debug|iPhoneSimulator.ActiveCfg = Debug|Any CPU
		{9804B451-01CF-4455-BD0E-9607B9F74E5F}.Debug|iPhoneSimulator.Build.0 = Debug|Any CPU
		{9804B451-01CF-4455-BD0E-9607B9F74E5F}.Debug|x64.ActiveCfg = Debug|Any CPU
		{9804B451-01CF-4455-BD0E-9607B9F74E5F}.Debug|x64.Build.0 = Debug|Any CPU
		{9804B451-01CF-4455-BD0E-9607B9F74E5F}.Debug|x86.ActiveCfg = Debug|Any CPU
		{9804B451-01CF-4455-BD0E-9607B9F74E5F}.Debug|x86.Build.0 = Debug|Any CPU
		{9804B451-01CF-4455-BD0E-9607B9F74E5F}.Release|Any CPU.ActiveCfg = Release|Any CPU
		{9804B451-01CF-4455-BD0E-9607B9F74E5F}.Release|Any CPU.Build.0 = Release|Any CPU
		{9804B451-01CF-4455-BD0E-9607B9F74E5F}.Release|ARM.ActiveCfg = Release|Any CPU
		{9804B451-01CF-4455-BD0E-9607B9F74E5F}.Release|ARM.Build.0 = Release|Any CPU
		{9804B451-01CF-4455-BD0E-9607B9F74E5F}.Release|iPhone.ActiveCfg = Release|Any CPU
		{9804B451-01CF-4455-BD0E-9607B9F74E5F}.Release|iPhone.Build.0 = Release|Any CPU
		{9804B451-01CF-4455-BD0E-9607B9F74E5F}.Release|iPhoneSimulator.ActiveCfg = Release|Any CPU
		{9804B451-01CF-4455-BD0E-9607B9F74E5F}.Release|iPhoneSimulator.Build.0 = Release|Any CPU
		{9804B451-01CF-4455-BD0E-9607B9F74E5F}.Release|x64.ActiveCfg = Release|Any CPU
		{9804B451-01CF-4455-BD0E-9607B9F74E5F}.Release|x64.Build.0 = Release|Any CPU
		{9804B451-01CF-4455-BD0E-9607B9F74E5F}.Release|x86.ActiveCfg = Release|Any CPU
		{9804B451-01CF-4455-BD0E-9607B9F74E5F}.Release|x86.Build.0 = Release|Any CPU
		{52DF5FD1-F157-4CDE-AD9A-A3EFE692316B}.Ad-Hoc|Any CPU.ActiveCfg = Debug|Any CPU
		{52DF5FD1-F157-4CDE-AD9A-A3EFE692316B}.Ad-Hoc|Any CPU.Build.0 = Debug|Any CPU
		{52DF5FD1-F157-4CDE-AD9A-A3EFE692316B}.Ad-Hoc|ARM.ActiveCfg = Debug|Any CPU
		{52DF5FD1-F157-4CDE-AD9A-A3EFE692316B}.Ad-Hoc|ARM.Build.0 = Debug|Any CPU
		{52DF5FD1-F157-4CDE-AD9A-A3EFE692316B}.Ad-Hoc|iPhone.ActiveCfg = Debug|Any CPU
		{52DF5FD1-F157-4CDE-AD9A-A3EFE692316B}.Ad-Hoc|iPhone.Build.0 = Debug|Any CPU
		{52DF5FD1-F157-4CDE-AD9A-A3EFE692316B}.Ad-Hoc|iPhoneSimulator.ActiveCfg = Debug|Any CPU
		{52DF5FD1-F157-4CDE-AD9A-A3EFE692316B}.Ad-Hoc|iPhoneSimulator.Build.0 = Debug|Any CPU
		{52DF5FD1-F157-4CDE-AD9A-A3EFE692316B}.Ad-Hoc|x64.ActiveCfg = Debug|Any CPU
		{52DF5FD1-F157-4CDE-AD9A-A3EFE692316B}.Ad-Hoc|x64.Build.0 = Debug|Any CPU
		{52DF5FD1-F157-4CDE-AD9A-A3EFE692316B}.Ad-Hoc|x86.ActiveCfg = Debug|Any CPU
		{52DF5FD1-F157-4CDE-AD9A-A3EFE692316B}.Ad-Hoc|x86.Build.0 = Debug|Any CPU
		{52DF5FD1-F157-4CDE-AD9A-A3EFE692316B}.AppStore|Any CPU.ActiveCfg = Debug|Any CPU
		{52DF5FD1-F157-4CDE-AD9A-A3EFE692316B}.AppStore|Any CPU.Build.0 = Debug|Any CPU
		{52DF5FD1-F157-4CDE-AD9A-A3EFE692316B}.AppStore|ARM.ActiveCfg = Debug|Any CPU
		{52DF5FD1-F157-4CDE-AD9A-A3EFE692316B}.AppStore|ARM.Build.0 = Debug|Any CPU
		{52DF5FD1-F157-4CDE-AD9A-A3EFE692316B}.AppStore|iPhone.ActiveCfg = Debug|Any CPU
		{52DF5FD1-F157-4CDE-AD9A-A3EFE692316B}.AppStore|iPhone.Build.0 = Debug|Any CPU
		{52DF5FD1-F157-4CDE-AD9A-A3EFE692316B}.AppStore|iPhoneSimulator.ActiveCfg = Debug|Any CPU
		{52DF5FD1-F157-4CDE-AD9A-A3EFE692316B}.AppStore|iPhoneSimulator.Build.0 = Debug|Any CPU
		{52DF5FD1-F157-4CDE-AD9A-A3EFE692316B}.AppStore|x64.ActiveCfg = Debug|Any CPU
		{52DF5FD1-F157-4CDE-AD9A-A3EFE692316B}.AppStore|x64.Build.0 = Debug|Any CPU
		{52DF5FD1-F157-4CDE-AD9A-A3EFE692316B}.AppStore|x86.ActiveCfg = Debug|Any CPU
		{52DF5FD1-F157-4CDE-AD9A-A3EFE692316B}.AppStore|x86.Build.0 = Debug|Any CPU
		{52DF5FD1-F157-4CDE-AD9A-A3EFE692316B}.Debug|Any CPU.ActiveCfg = Debug|Any CPU
		{52DF5FD1-F157-4CDE-AD9A-A3EFE692316B}.Debug|Any CPU.Build.0 = Debug|Any CPU
		{52DF5FD1-F157-4CDE-AD9A-A3EFE692316B}.Debug|ARM.ActiveCfg = Debug|Any CPU
		{52DF5FD1-F157-4CDE-AD9A-A3EFE692316B}.Debug|ARM.Build.0 = Debug|Any CPU
		{52DF5FD1-F157-4CDE-AD9A-A3EFE692316B}.Debug|iPhone.ActiveCfg = Debug|Any CPU
		{52DF5FD1-F157-4CDE-AD9A-A3EFE692316B}.Debug|iPhone.Build.0 = Debug|Any CPU
		{52DF5FD1-F157-4CDE-AD9A-A3EFE692316B}.Debug|iPhoneSimulator.ActiveCfg = Debug|Any CPU
		{52DF5FD1-F157-4CDE-AD9A-A3EFE692316B}.Debug|iPhoneSimulator.Build.0 = Debug|Any CPU
		{52DF5FD1-F157-4CDE-AD9A-A3EFE692316B}.Debug|x64.ActiveCfg = Debug|Any CPU
		{52DF5FD1-F157-4CDE-AD9A-A3EFE692316B}.Debug|x64.Build.0 = Debug|Any CPU
		{52DF5FD1-F157-4CDE-AD9A-A3EFE692316B}.Debug|x86.ActiveCfg = Debug|Any CPU
		{52DF5FD1-F157-4CDE-AD9A-A3EFE692316B}.Debug|x86.Build.0 = Debug|Any CPU
		{52DF5FD1-F157-4CDE-AD9A-A3EFE692316B}.Release|Any CPU.ActiveCfg = Release|Any CPU
		{52DF5FD1-F157-4CDE-AD9A-A3EFE692316B}.Release|Any CPU.Build.0 = Release|Any CPU
		{52DF5FD1-F157-4CDE-AD9A-A3EFE692316B}.Release|ARM.ActiveCfg = Release|Any CPU
		{52DF5FD1-F157-4CDE-AD9A-A3EFE692316B}.Release|ARM.Build.0 = Release|Any CPU
		{52DF5FD1-F157-4CDE-AD9A-A3EFE692316B}.Release|iPhone.ActiveCfg = Release|Any CPU
		{52DF5FD1-F157-4CDE-AD9A-A3EFE692316B}.Release|iPhone.Build.0 = Release|Any CPU
		{52DF5FD1-F157-4CDE-AD9A-A3EFE692316B}.Release|iPhoneSimulator.ActiveCfg = Release|Any CPU
		{52DF5FD1-F157-4CDE-AD9A-A3EFE692316B}.Release|iPhoneSimulator.Build.0 = Release|Any CPU
		{52DF5FD1-F157-4CDE-AD9A-A3EFE692316B}.Release|x64.ActiveCfg = Release|Any CPU
		{52DF5FD1-F157-4CDE-AD9A-A3EFE692316B}.Release|x64.Build.0 = Release|Any CPU
		{52DF5FD1-F157-4CDE-AD9A-A3EFE692316B}.Release|x86.ActiveCfg = Release|Any CPU
		{52DF5FD1-F157-4CDE-AD9A-A3EFE692316B}.Release|x86.Build.0 = Release|Any CPU
		{5F8EC505-ED3D-4D24-A25D-F25609C51D04}.Ad-Hoc|Any CPU.ActiveCfg = Debug|Any CPU
		{5F8EC505-ED3D-4D24-A25D-F25609C51D04}.Ad-Hoc|Any CPU.Build.0 = Debug|Any CPU
		{5F8EC505-ED3D-4D24-A25D-F25609C51D04}.Ad-Hoc|ARM.ActiveCfg = Debug|Any CPU
		{5F8EC505-ED3D-4D24-A25D-F25609C51D04}.Ad-Hoc|ARM.Build.0 = Debug|Any CPU
		{5F8EC505-ED3D-4D24-A25D-F25609C51D04}.Ad-Hoc|iPhone.ActiveCfg = Debug|Any CPU
		{5F8EC505-ED3D-4D24-A25D-F25609C51D04}.Ad-Hoc|iPhone.Build.0 = Debug|Any CPU
		{5F8EC505-ED3D-4D24-A25D-F25609C51D04}.Ad-Hoc|iPhoneSimulator.ActiveCfg = Debug|Any CPU
		{5F8EC505-ED3D-4D24-A25D-F25609C51D04}.Ad-Hoc|iPhoneSimulator.Build.0 = Debug|Any CPU
		{5F8EC505-ED3D-4D24-A25D-F25609C51D04}.Ad-Hoc|x64.ActiveCfg = Debug|Any CPU
		{5F8EC505-ED3D-4D24-A25D-F25609C51D04}.Ad-Hoc|x64.Build.0 = Debug|Any CPU
		{5F8EC505-ED3D-4D24-A25D-F25609C51D04}.Ad-Hoc|x86.ActiveCfg = Debug|Any CPU
		{5F8EC505-ED3D-4D24-A25D-F25609C51D04}.Ad-Hoc|x86.Build.0 = Debug|Any CPU
		{5F8EC505-ED3D-4D24-A25D-F25609C51D04}.AppStore|Any CPU.ActiveCfg = Debug|Any CPU
		{5F8EC505-ED3D-4D24-A25D-F25609C51D04}.AppStore|Any CPU.Build.0 = Debug|Any CPU
		{5F8EC505-ED3D-4D24-A25D-F25609C51D04}.AppStore|ARM.ActiveCfg = Debug|Any CPU
		{5F8EC505-ED3D-4D24-A25D-F25609C51D04}.AppStore|ARM.Build.0 = Debug|Any CPU
		{5F8EC505-ED3D-4D24-A25D-F25609C51D04}.AppStore|iPhone.ActiveCfg = Debug|Any CPU
		{5F8EC505-ED3D-4D24-A25D-F25609C51D04}.AppStore|iPhone.Build.0 = Debug|Any CPU
		{5F8EC505-ED3D-4D24-A25D-F25609C51D04}.AppStore|iPhoneSimulator.ActiveCfg = Debug|Any CPU
		{5F8EC505-ED3D-4D24-A25D-F25609C51D04}.AppStore|iPhoneSimulator.Build.0 = Debug|Any CPU
		{5F8EC505-ED3D-4D24-A25D-F25609C51D04}.AppStore|x64.ActiveCfg = Debug|Any CPU
		{5F8EC505-ED3D-4D24-A25D-F25609C51D04}.AppStore|x64.Build.0 = Debug|Any CPU
		{5F8EC505-ED3D-4D24-A25D-F25609C51D04}.AppStore|x86.ActiveCfg = Debug|Any CPU
		{5F8EC505-ED3D-4D24-A25D-F25609C51D04}.AppStore|x86.Build.0 = Debug|Any CPU
		{5F8EC505-ED3D-4D24-A25D-F25609C51D04}.Debug|Any CPU.ActiveCfg = Debug|Any CPU
		{5F8EC505-ED3D-4D24-A25D-F25609C51D04}.Debug|Any CPU.Build.0 = Debug|Any CPU
		{5F8EC505-ED3D-4D24-A25D-F25609C51D04}.Debug|ARM.ActiveCfg = Debug|Any CPU
		{5F8EC505-ED3D-4D24-A25D-F25609C51D04}.Debug|ARM.Build.0 = Debug|Any CPU
		{5F8EC505-ED3D-4D24-A25D-F25609C51D04}.Debug|iPhone.ActiveCfg = Debug|Any CPU
		{5F8EC505-ED3D-4D24-A25D-F25609C51D04}.Debug|iPhone.Build.0 = Debug|Any CPU
		{5F8EC505-ED3D-4D24-A25D-F25609C51D04}.Debug|iPhoneSimulator.ActiveCfg = Debug|Any CPU
		{5F8EC505-ED3D-4D24-A25D-F25609C51D04}.Debug|iPhoneSimulator.Build.0 = Debug|Any CPU
		{5F8EC505-ED3D-4D24-A25D-F25609C51D04}.Debug|x64.ActiveCfg = Debug|Any CPU
		{5F8EC505-ED3D-4D24-A25D-F25609C51D04}.Debug|x64.Build.0 = Debug|Any CPU
		{5F8EC505-ED3D-4D24-A25D-F25609C51D04}.Debug|x86.ActiveCfg = Debug|Any CPU
		{5F8EC505-ED3D-4D24-A25D-F25609C51D04}.Debug|x86.Build.0 = Debug|Any CPU
		{5F8EC505-ED3D-4D24-A25D-F25609C51D04}.Release|Any CPU.ActiveCfg = Release|Any CPU
		{5F8EC505-ED3D-4D24-A25D-F25609C51D04}.Release|Any CPU.Build.0 = Release|Any CPU
		{5F8EC505-ED3D-4D24-A25D-F25609C51D04}.Release|ARM.ActiveCfg = Release|Any CPU
		{5F8EC505-ED3D-4D24-A25D-F25609C51D04}.Release|ARM.Build.0 = Release|Any CPU
		{5F8EC505-ED3D-4D24-A25D-F25609C51D04}.Release|iPhone.ActiveCfg = Release|Any CPU
		{5F8EC505-ED3D-4D24-A25D-F25609C51D04}.Release|iPhone.Build.0 = Release|Any CPU
		{5F8EC505-ED3D-4D24-A25D-F25609C51D04}.Release|iPhoneSimulator.ActiveCfg = Release|Any CPU
		{5F8EC505-ED3D-4D24-A25D-F25609C51D04}.Release|iPhoneSimulator.Build.0 = Release|Any CPU
		{5F8EC505-ED3D-4D24-A25D-F25609C51D04}.Release|x64.ActiveCfg = Release|Any CPU
		{5F8EC505-ED3D-4D24-A25D-F25609C51D04}.Release|x64.Build.0 = Release|Any CPU
		{5F8EC505-ED3D-4D24-A25D-F25609C51D04}.Release|x86.ActiveCfg = Release|Any CPU
		{5F8EC505-ED3D-4D24-A25D-F25609C51D04}.Release|x86.Build.0 = Release|Any CPU
		{FBDCFF5A-A517-4E40-B430-B9D3C929940B}.Ad-Hoc|Any CPU.ActiveCfg = Release|Any CPU
		{FBDCFF5A-A517-4E40-B430-B9D3C929940B}.Ad-Hoc|Any CPU.Build.0 = Release|Any CPU
		{FBDCFF5A-A517-4E40-B430-B9D3C929940B}.Ad-Hoc|ARM.ActiveCfg = Release|ARM
		{FBDCFF5A-A517-4E40-B430-B9D3C929940B}.Ad-Hoc|ARM.Build.0 = Release|ARM
		{FBDCFF5A-A517-4E40-B430-B9D3C929940B}.Ad-Hoc|iPhone.ActiveCfg = Release|Any CPU
		{FBDCFF5A-A517-4E40-B430-B9D3C929940B}.Ad-Hoc|iPhone.Build.0 = Release|Any CPU
		{FBDCFF5A-A517-4E40-B430-B9D3C929940B}.Ad-Hoc|iPhoneSimulator.ActiveCfg = Release|Any CPU
		{FBDCFF5A-A517-4E40-B430-B9D3C929940B}.Ad-Hoc|iPhoneSimulator.Build.0 = Release|Any CPU
		{FBDCFF5A-A517-4E40-B430-B9D3C929940B}.Ad-Hoc|x64.ActiveCfg = Release|x64
		{FBDCFF5A-A517-4E40-B430-B9D3C929940B}.Ad-Hoc|x64.Build.0 = Release|x64
		{FBDCFF5A-A517-4E40-B430-B9D3C929940B}.Ad-Hoc|x86.ActiveCfg = Release|x86
		{FBDCFF5A-A517-4E40-B430-B9D3C929940B}.Ad-Hoc|x86.Build.0 = Release|x86
		{FBDCFF5A-A517-4E40-B430-B9D3C929940B}.AppStore|Any CPU.ActiveCfg = Release|Any CPU
		{FBDCFF5A-A517-4E40-B430-B9D3C929940B}.AppStore|Any CPU.Build.0 = Release|Any CPU
		{FBDCFF5A-A517-4E40-B430-B9D3C929940B}.AppStore|ARM.ActiveCfg = Release|ARM
		{FBDCFF5A-A517-4E40-B430-B9D3C929940B}.AppStore|ARM.Build.0 = Release|ARM
		{FBDCFF5A-A517-4E40-B430-B9D3C929940B}.AppStore|iPhone.ActiveCfg = Release|Any CPU
		{FBDCFF5A-A517-4E40-B430-B9D3C929940B}.AppStore|iPhone.Build.0 = Release|Any CPU
		{FBDCFF5A-A517-4E40-B430-B9D3C929940B}.AppStore|iPhoneSimulator.ActiveCfg = Release|Any CPU
		{FBDCFF5A-A517-4E40-B430-B9D3C929940B}.AppStore|iPhoneSimulator.Build.0 = Release|Any CPU
		{FBDCFF5A-A517-4E40-B430-B9D3C929940B}.AppStore|x64.ActiveCfg = Release|x64
		{FBDCFF5A-A517-4E40-B430-B9D3C929940B}.AppStore|x64.Build.0 = Release|x64
		{FBDCFF5A-A517-4E40-B430-B9D3C929940B}.AppStore|x86.ActiveCfg = Release|x86
		{FBDCFF5A-A517-4E40-B430-B9D3C929940B}.AppStore|x86.Build.0 = Release|x86
		{FBDCFF5A-A517-4E40-B430-B9D3C929940B}.Debug|Any CPU.ActiveCfg = Debug|Any CPU
		{FBDCFF5A-A517-4E40-B430-B9D3C929940B}.Debug|Any CPU.Build.0 = Debug|Any CPU
		{FBDCFF5A-A517-4E40-B430-B9D3C929940B}.Debug|ARM.ActiveCfg = Debug|ARM
		{FBDCFF5A-A517-4E40-B430-B9D3C929940B}.Debug|ARM.Build.0 = Debug|ARM
		{FBDCFF5A-A517-4E40-B430-B9D3C929940B}.Debug|iPhone.ActiveCfg = Debug|Any CPU
		{FBDCFF5A-A517-4E40-B430-B9D3C929940B}.Debug|iPhone.Build.0 = Debug|Any CPU
		{FBDCFF5A-A517-4E40-B430-B9D3C929940B}.Debug|iPhoneSimulator.ActiveCfg = Debug|Any CPU
		{FBDCFF5A-A517-4E40-B430-B9D3C929940B}.Debug|iPhoneSimulator.Build.0 = Debug|Any CPU
		{FBDCFF5A-A517-4E40-B430-B9D3C929940B}.Debug|x64.ActiveCfg = Debug|x64
		{FBDCFF5A-A517-4E40-B430-B9D3C929940B}.Debug|x64.Build.0 = Debug|x64
		{FBDCFF5A-A517-4E40-B430-B9D3C929940B}.Debug|x86.ActiveCfg = Debug|x86
		{FBDCFF5A-A517-4E40-B430-B9D3C929940B}.Debug|x86.Build.0 = Debug|x86
		{FBDCFF5A-A517-4E40-B430-B9D3C929940B}.Release|Any CPU.ActiveCfg = Release|Any CPU
		{FBDCFF5A-A517-4E40-B430-B9D3C929940B}.Release|Any CPU.Build.0 = Release|Any CPU
		{FBDCFF5A-A517-4E40-B430-B9D3C929940B}.Release|ARM.ActiveCfg = Release|ARM
		{FBDCFF5A-A517-4E40-B430-B9D3C929940B}.Release|ARM.Build.0 = Release|ARM
		{FBDCFF5A-A517-4E40-B430-B9D3C929940B}.Release|iPhone.ActiveCfg = Release|Any CPU
		{FBDCFF5A-A517-4E40-B430-B9D3C929940B}.Release|iPhone.Build.0 = Release|Any CPU
		{FBDCFF5A-A517-4E40-B430-B9D3C929940B}.Release|iPhoneSimulator.ActiveCfg = Release|Any CPU
		{FBDCFF5A-A517-4E40-B430-B9D3C929940B}.Release|iPhoneSimulator.Build.0 = Release|Any CPU
		{FBDCFF5A-A517-4E40-B430-B9D3C929940B}.Release|x64.ActiveCfg = Release|x64
		{FBDCFF5A-A517-4E40-B430-B9D3C929940B}.Release|x64.Build.0 = Release|x64
		{FBDCFF5A-A517-4E40-B430-B9D3C929940B}.Release|x86.ActiveCfg = Release|x86
		{FBDCFF5A-A517-4E40-B430-B9D3C929940B}.Release|x86.Build.0 = Release|x86
		{4EB79E57-290A-4AA1-A2D2-A6CECA73FC5B}.Ad-Hoc|Any CPU.ActiveCfg = Debug|Any CPU
		{4EB79E57-290A-4AA1-A2D2-A6CECA73FC5B}.Ad-Hoc|Any CPU.Build.0 = Debug|Any CPU
		{4EB79E57-290A-4AA1-A2D2-A6CECA73FC5B}.Ad-Hoc|ARM.ActiveCfg = Debug|Any CPU
		{4EB79E57-290A-4AA1-A2D2-A6CECA73FC5B}.Ad-Hoc|ARM.Build.0 = Debug|Any CPU
		{4EB79E57-290A-4AA1-A2D2-A6CECA73FC5B}.Ad-Hoc|iPhone.ActiveCfg = Debug|Any CPU
		{4EB79E57-290A-4AA1-A2D2-A6CECA73FC5B}.Ad-Hoc|iPhone.Build.0 = Debug|Any CPU
		{4EB79E57-290A-4AA1-A2D2-A6CECA73FC5B}.Ad-Hoc|iPhoneSimulator.ActiveCfg = Debug|Any CPU
		{4EB79E57-290A-4AA1-A2D2-A6CECA73FC5B}.Ad-Hoc|iPhoneSimulator.Build.0 = Debug|Any CPU
		{4EB79E57-290A-4AA1-A2D2-A6CECA73FC5B}.Ad-Hoc|x64.ActiveCfg = Debug|Any CPU
		{4EB79E57-290A-4AA1-A2D2-A6CECA73FC5B}.Ad-Hoc|x64.Build.0 = Debug|Any CPU
		{4EB79E57-290A-4AA1-A2D2-A6CECA73FC5B}.Ad-Hoc|x86.ActiveCfg = Debug|Any CPU
		{4EB79E57-290A-4AA1-A2D2-A6CECA73FC5B}.Ad-Hoc|x86.Build.0 = Debug|Any CPU
		{4EB79E57-290A-4AA1-A2D2-A6CECA73FC5B}.AppStore|Any CPU.ActiveCfg = Debug|Any CPU
		{4EB79E57-290A-4AA1-A2D2-A6CECA73FC5B}.AppStore|Any CPU.Build.0 = Debug|Any CPU
		{4EB79E57-290A-4AA1-A2D2-A6CECA73FC5B}.AppStore|ARM.ActiveCfg = Debug|Any CPU
		{4EB79E57-290A-4AA1-A2D2-A6CECA73FC5B}.AppStore|ARM.Build.0 = Debug|Any CPU
		{4EB79E57-290A-4AA1-A2D2-A6CECA73FC5B}.AppStore|iPhone.ActiveCfg = Debug|Any CPU
		{4EB79E57-290A-4AA1-A2D2-A6CECA73FC5B}.AppStore|iPhone.Build.0 = Debug|Any CPU
		{4EB79E57-290A-4AA1-A2D2-A6CECA73FC5B}.AppStore|iPhoneSimulator.ActiveCfg = Debug|Any CPU
		{4EB79E57-290A-4AA1-A2D2-A6CECA73FC5B}.AppStore|iPhoneSimulator.Build.0 = Debug|Any CPU
		{4EB79E57-290A-4AA1-A2D2-A6CECA73FC5B}.AppStore|x64.ActiveCfg = Debug|Any CPU
		{4EB79E57-290A-4AA1-A2D2-A6CECA73FC5B}.AppStore|x64.Build.0 = Debug|Any CPU
		{4EB79E57-290A-4AA1-A2D2-A6CECA73FC5B}.AppStore|x86.ActiveCfg = Debug|Any CPU
		{4EB79E57-290A-4AA1-A2D2-A6CECA73FC5B}.AppStore|x86.Build.0 = Debug|Any CPU
		{4EB79E57-290A-4AA1-A2D2-A6CECA73FC5B}.Debug|Any CPU.ActiveCfg = Debug|Any CPU
		{4EB79E57-290A-4AA1-A2D2-A6CECA73FC5B}.Debug|Any CPU.Build.0 = Debug|Any CPU
		{4EB79E57-290A-4AA1-A2D2-A6CECA73FC5B}.Debug|ARM.ActiveCfg = Debug|Any CPU
		{4EB79E57-290A-4AA1-A2D2-A6CECA73FC5B}.Debug|ARM.Build.0 = Debug|Any CPU
		{4EB79E57-290A-4AA1-A2D2-A6CECA73FC5B}.Debug|iPhone.ActiveCfg = Debug|Any CPU
		{4EB79E57-290A-4AA1-A2D2-A6CECA73FC5B}.Debug|iPhone.Build.0 = Debug|Any CPU
		{4EB79E57-290A-4AA1-A2D2-A6CECA73FC5B}.Debug|iPhoneSimulator.ActiveCfg = Debug|Any CPU
		{4EB79E57-290A-4AA1-A2D2-A6CECA73FC5B}.Debug|iPhoneSimulator.Build.0 = Debug|Any CPU
		{4EB79E57-290A-4AA1-A2D2-A6CECA73FC5B}.Debug|x64.ActiveCfg = Debug|Any CPU
		{4EB79E57-290A-4AA1-A2D2-A6CECA73FC5B}.Debug|x64.Build.0 = Debug|Any CPU
		{4EB79E57-290A-4AA1-A2D2-A6CECA73FC5B}.Debug|x86.ActiveCfg = Debug|Any CPU
		{4EB79E57-290A-4AA1-A2D2-A6CECA73FC5B}.Debug|x86.Build.0 = Debug|Any CPU
		{4EB79E57-290A-4AA1-A2D2-A6CECA73FC5B}.Release|Any CPU.ActiveCfg = Release|Any CPU
		{4EB79E57-290A-4AA1-A2D2-A6CECA73FC5B}.Release|Any CPU.Build.0 = Release|Any CPU
		{4EB79E57-290A-4AA1-A2D2-A6CECA73FC5B}.Release|ARM.ActiveCfg = Release|Any CPU
		{4EB79E57-290A-4AA1-A2D2-A6CECA73FC5B}.Release|ARM.Build.0 = Release|Any CPU
		{4EB79E57-290A-4AA1-A2D2-A6CECA73FC5B}.Release|iPhone.ActiveCfg = Release|Any CPU
		{4EB79E57-290A-4AA1-A2D2-A6CECA73FC5B}.Release|iPhone.Build.0 = Release|Any CPU
		{4EB79E57-290A-4AA1-A2D2-A6CECA73FC5B}.Release|iPhoneSimulator.ActiveCfg = Release|Any CPU
		{4EB79E57-290A-4AA1-A2D2-A6CECA73FC5B}.Release|iPhoneSimulator.Build.0 = Release|Any CPU
		{4EB79E57-290A-4AA1-A2D2-A6CECA73FC5B}.Release|x64.ActiveCfg = Release|Any CPU
		{4EB79E57-290A-4AA1-A2D2-A6CECA73FC5B}.Release|x64.Build.0 = Release|Any CPU
		{4EB79E57-290A-4AA1-A2D2-A6CECA73FC5B}.Release|x86.ActiveCfg = Release|Any CPU
		{4EB79E57-290A-4AA1-A2D2-A6CECA73FC5B}.Release|x86.Build.0 = Release|Any CPU
		{40C697FB-3CD8-41AB-BFF4-DB3BF99D5362}.Ad-Hoc|Any CPU.ActiveCfg = Debug|Any CPU
		{40C697FB-3CD8-41AB-BFF4-DB3BF99D5362}.Ad-Hoc|Any CPU.Build.0 = Debug|Any CPU
		{40C697FB-3CD8-41AB-BFF4-DB3BF99D5362}.Ad-Hoc|ARM.ActiveCfg = Debug|Any CPU
		{40C697FB-3CD8-41AB-BFF4-DB3BF99D5362}.Ad-Hoc|ARM.Build.0 = Debug|Any CPU
		{40C697FB-3CD8-41AB-BFF4-DB3BF99D5362}.Ad-Hoc|iPhone.ActiveCfg = Debug|Any CPU
		{40C697FB-3CD8-41AB-BFF4-DB3BF99D5362}.Ad-Hoc|iPhone.Build.0 = Debug|Any CPU
		{40C697FB-3CD8-41AB-BFF4-DB3BF99D5362}.Ad-Hoc|iPhoneSimulator.ActiveCfg = Debug|Any CPU
		{40C697FB-3CD8-41AB-BFF4-DB3BF99D5362}.Ad-Hoc|iPhoneSimulator.Build.0 = Debug|Any CPU
		{40C697FB-3CD8-41AB-BFF4-DB3BF99D5362}.Ad-Hoc|x64.ActiveCfg = Debug|Any CPU
		{40C697FB-3CD8-41AB-BFF4-DB3BF99D5362}.Ad-Hoc|x64.Build.0 = Debug|Any CPU
		{40C697FB-3CD8-41AB-BFF4-DB3BF99D5362}.Ad-Hoc|x86.ActiveCfg = Debug|Any CPU
		{40C697FB-3CD8-41AB-BFF4-DB3BF99D5362}.Ad-Hoc|x86.Build.0 = Debug|Any CPU
		{40C697FB-3CD8-41AB-BFF4-DB3BF99D5362}.AppStore|Any CPU.ActiveCfg = Debug|Any CPU
		{40C697FB-3CD8-41AB-BFF4-DB3BF99D5362}.AppStore|Any CPU.Build.0 = Debug|Any CPU
		{40C697FB-3CD8-41AB-BFF4-DB3BF99D5362}.AppStore|ARM.ActiveCfg = Debug|Any CPU
		{40C697FB-3CD8-41AB-BFF4-DB3BF99D5362}.AppStore|ARM.Build.0 = Debug|Any CPU
		{40C697FB-3CD8-41AB-BFF4-DB3BF99D5362}.AppStore|iPhone.ActiveCfg = Debug|Any CPU
		{40C697FB-3CD8-41AB-BFF4-DB3BF99D5362}.AppStore|iPhone.Build.0 = Debug|Any CPU
		{40C697FB-3CD8-41AB-BFF4-DB3BF99D5362}.AppStore|iPhoneSimulator.ActiveCfg = Debug|Any CPU
		{40C697FB-3CD8-41AB-BFF4-DB3BF99D5362}.AppStore|iPhoneSimulator.Build.0 = Debug|Any CPU
		{40C697FB-3CD8-41AB-BFF4-DB3BF99D5362}.AppStore|x64.ActiveCfg = Debug|Any CPU
		{40C697FB-3CD8-41AB-BFF4-DB3BF99D5362}.AppStore|x64.Build.0 = Debug|Any CPU
		{40C697FB-3CD8-41AB-BFF4-DB3BF99D5362}.AppStore|x86.ActiveCfg = Debug|Any CPU
		{40C697FB-3CD8-41AB-BFF4-DB3BF99D5362}.AppStore|x86.Build.0 = Debug|Any CPU
		{40C697FB-3CD8-41AB-BFF4-DB3BF99D5362}.Debug|Any CPU.ActiveCfg = Debug|Any CPU
		{40C697FB-3CD8-41AB-BFF4-DB3BF99D5362}.Debug|Any CPU.Build.0 = Debug|Any CPU
		{40C697FB-3CD8-41AB-BFF4-DB3BF99D5362}.Debug|ARM.ActiveCfg = Debug|Any CPU
		{40C697FB-3CD8-41AB-BFF4-DB3BF99D5362}.Debug|ARM.Build.0 = Debug|Any CPU
		{40C697FB-3CD8-41AB-BFF4-DB3BF99D5362}.Debug|iPhone.ActiveCfg = Debug|Any CPU
		{40C697FB-3CD8-41AB-BFF4-DB3BF99D5362}.Debug|iPhone.Build.0 = Debug|Any CPU
		{40C697FB-3CD8-41AB-BFF4-DB3BF99D5362}.Debug|iPhoneSimulator.ActiveCfg = Debug|Any CPU
		{40C697FB-3CD8-41AB-BFF4-DB3BF99D5362}.Debug|iPhoneSimulator.Build.0 = Debug|Any CPU
		{40C697FB-3CD8-41AB-BFF4-DB3BF99D5362}.Debug|x64.ActiveCfg = Debug|Any CPU
		{40C697FB-3CD8-41AB-BFF4-DB3BF99D5362}.Debug|x64.Build.0 = Debug|Any CPU
		{40C697FB-3CD8-41AB-BFF4-DB3BF99D5362}.Debug|x86.ActiveCfg = Debug|Any CPU
		{40C697FB-3CD8-41AB-BFF4-DB3BF99D5362}.Debug|x86.Build.0 = Debug|Any CPU
		{40C697FB-3CD8-41AB-BFF4-DB3BF99D5362}.Release|Any CPU.ActiveCfg = Release|Any CPU
		{40C697FB-3CD8-41AB-BFF4-DB3BF99D5362}.Release|Any CPU.Build.0 = Release|Any CPU
		{40C697FB-3CD8-41AB-BFF4-DB3BF99D5362}.Release|ARM.ActiveCfg = Release|Any CPU
		{40C697FB-3CD8-41AB-BFF4-DB3BF99D5362}.Release|ARM.Build.0 = Release|Any CPU
		{40C697FB-3CD8-41AB-BFF4-DB3BF99D5362}.Release|iPhone.ActiveCfg = Release|Any CPU
		{40C697FB-3CD8-41AB-BFF4-DB3BF99D5362}.Release|iPhone.Build.0 = Release|Any CPU
		{40C697FB-3CD8-41AB-BFF4-DB3BF99D5362}.Release|iPhoneSimulator.ActiveCfg = Release|Any CPU
		{40C697FB-3CD8-41AB-BFF4-DB3BF99D5362}.Release|iPhoneSimulator.Build.0 = Release|Any CPU
		{40C697FB-3CD8-41AB-BFF4-DB3BF99D5362}.Release|x64.ActiveCfg = Release|Any CPU
		{40C697FB-3CD8-41AB-BFF4-DB3BF99D5362}.Release|x64.Build.0 = Release|Any CPU
		{40C697FB-3CD8-41AB-BFF4-DB3BF99D5362}.Release|x86.ActiveCfg = Release|Any CPU
		{40C697FB-3CD8-41AB-BFF4-DB3BF99D5362}.Release|x86.Build.0 = Release|Any CPU
		{2E0CDC1C-0CC5-4B02-8DF0-D7087B07315E}.Ad-Hoc|Any CPU.ActiveCfg = Debug|Any CPU
		{2E0CDC1C-0CC5-4B02-8DF0-D7087B07315E}.Ad-Hoc|Any CPU.Build.0 = Debug|Any CPU
		{2E0CDC1C-0CC5-4B02-8DF0-D7087B07315E}.Ad-Hoc|ARM.ActiveCfg = Debug|Any CPU
		{2E0CDC1C-0CC5-4B02-8DF0-D7087B07315E}.Ad-Hoc|ARM.Build.0 = Debug|Any CPU
		{2E0CDC1C-0CC5-4B02-8DF0-D7087B07315E}.Ad-Hoc|iPhone.ActiveCfg = Debug|Any CPU
		{2E0CDC1C-0CC5-4B02-8DF0-D7087B07315E}.Ad-Hoc|iPhone.Build.0 = Debug|Any CPU
		{2E0CDC1C-0CC5-4B02-8DF0-D7087B07315E}.Ad-Hoc|iPhoneSimulator.ActiveCfg = Debug|Any CPU
		{2E0CDC1C-0CC5-4B02-8DF0-D7087B07315E}.Ad-Hoc|iPhoneSimulator.Build.0 = Debug|Any CPU
		{2E0CDC1C-0CC5-4B02-8DF0-D7087B07315E}.Ad-Hoc|x64.ActiveCfg = Debug|Any CPU
		{2E0CDC1C-0CC5-4B02-8DF0-D7087B07315E}.Ad-Hoc|x64.Build.0 = Debug|Any CPU
		{2E0CDC1C-0CC5-4B02-8DF0-D7087B07315E}.Ad-Hoc|x86.ActiveCfg = Debug|Any CPU
		{2E0CDC1C-0CC5-4B02-8DF0-D7087B07315E}.Ad-Hoc|x86.Build.0 = Debug|Any CPU
		{2E0CDC1C-0CC5-4B02-8DF0-D7087B07315E}.AppStore|Any CPU.ActiveCfg = Debug|Any CPU
		{2E0CDC1C-0CC5-4B02-8DF0-D7087B07315E}.AppStore|Any CPU.Build.0 = Debug|Any CPU
		{2E0CDC1C-0CC5-4B02-8DF0-D7087B07315E}.AppStore|ARM.ActiveCfg = Debug|Any CPU
		{2E0CDC1C-0CC5-4B02-8DF0-D7087B07315E}.AppStore|ARM.Build.0 = Debug|Any CPU
		{2E0CDC1C-0CC5-4B02-8DF0-D7087B07315E}.AppStore|iPhone.ActiveCfg = Debug|Any CPU
		{2E0CDC1C-0CC5-4B02-8DF0-D7087B07315E}.AppStore|iPhone.Build.0 = Debug|Any CPU
		{2E0CDC1C-0CC5-4B02-8DF0-D7087B07315E}.AppStore|iPhoneSimulator.ActiveCfg = Debug|Any CPU
		{2E0CDC1C-0CC5-4B02-8DF0-D7087B07315E}.AppStore|iPhoneSimulator.Build.0 = Debug|Any CPU
		{2E0CDC1C-0CC5-4B02-8DF0-D7087B07315E}.AppStore|x64.ActiveCfg = Debug|Any CPU
		{2E0CDC1C-0CC5-4B02-8DF0-D7087B07315E}.AppStore|x64.Build.0 = Debug|Any CPU
		{2E0CDC1C-0CC5-4B02-8DF0-D7087B07315E}.AppStore|x86.ActiveCfg = Debug|Any CPU
		{2E0CDC1C-0CC5-4B02-8DF0-D7087B07315E}.AppStore|x86.Build.0 = Debug|Any CPU
		{2E0CDC1C-0CC5-4B02-8DF0-D7087B07315E}.Debug|Any CPU.ActiveCfg = Debug|Any CPU
		{2E0CDC1C-0CC5-4B02-8DF0-D7087B07315E}.Debug|Any CPU.Build.0 = Debug|Any CPU
		{2E0CDC1C-0CC5-4B02-8DF0-D7087B07315E}.Debug|ARM.ActiveCfg = Debug|Any CPU
		{2E0CDC1C-0CC5-4B02-8DF0-D7087B07315E}.Debug|ARM.Build.0 = Debug|Any CPU
		{2E0CDC1C-0CC5-4B02-8DF0-D7087B07315E}.Debug|iPhone.ActiveCfg = Debug|Any CPU
		{2E0CDC1C-0CC5-4B02-8DF0-D7087B07315E}.Debug|iPhone.Build.0 = Debug|Any CPU
		{2E0CDC1C-0CC5-4B02-8DF0-D7087B07315E}.Debug|iPhoneSimulator.ActiveCfg = Debug|Any CPU
		{2E0CDC1C-0CC5-4B02-8DF0-D7087B07315E}.Debug|iPhoneSimulator.Build.0 = Debug|Any CPU
		{2E0CDC1C-0CC5-4B02-8DF0-D7087B07315E}.Debug|x64.ActiveCfg = Debug|Any CPU
		{2E0CDC1C-0CC5-4B02-8DF0-D7087B07315E}.Debug|x64.Build.0 = Debug|Any CPU
		{2E0CDC1C-0CC5-4B02-8DF0-D7087B07315E}.Debug|x86.ActiveCfg = Debug|Any CPU
		{2E0CDC1C-0CC5-4B02-8DF0-D7087B07315E}.Debug|x86.Build.0 = Debug|Any CPU
		{2E0CDC1C-0CC5-4B02-8DF0-D7087B07315E}.Release|Any CPU.ActiveCfg = Release|Any CPU
		{2E0CDC1C-0CC5-4B02-8DF0-D7087B07315E}.Release|Any CPU.Build.0 = Release|Any CPU
		{2E0CDC1C-0CC5-4B02-8DF0-D7087B07315E}.Release|ARM.ActiveCfg = Release|Any CPU
		{2E0CDC1C-0CC5-4B02-8DF0-D7087B07315E}.Release|ARM.Build.0 = Release|Any CPU
		{2E0CDC1C-0CC5-4B02-8DF0-D7087B07315E}.Release|iPhone.ActiveCfg = Release|Any CPU
		{2E0CDC1C-0CC5-4B02-8DF0-D7087B07315E}.Release|iPhone.Build.0 = Release|Any CPU
		{2E0CDC1C-0CC5-4B02-8DF0-D7087B07315E}.Release|iPhoneSimulator.ActiveCfg = Release|Any CPU
		{2E0CDC1C-0CC5-4B02-8DF0-D7087B07315E}.Release|iPhoneSimulator.Build.0 = Release|Any CPU
		{2E0CDC1C-0CC5-4B02-8DF0-D7087B07315E}.Release|x64.ActiveCfg = Release|Any CPU
		{2E0CDC1C-0CC5-4B02-8DF0-D7087B07315E}.Release|x64.Build.0 = Release|Any CPU
		{2E0CDC1C-0CC5-4B02-8DF0-D7087B07315E}.Release|x86.ActiveCfg = Release|Any CPU
		{2E0CDC1C-0CC5-4B02-8DF0-D7087B07315E}.Release|x86.Build.0 = Release|Any CPU
	EndGlobalSection
	GlobalSection(SolutionProperties) = preSolution
		HideSolutionNode = FALSE
	EndGlobalSection
	GlobalSection(NestedProjects) = preSolution
		{7C64EC65-DF3D-4F46-9E04-D1B67E8AED8D} = {89FCBC70-8FE3-4D05-907C-CAA5D38C78DF}
		{3F902678-D710-4922-ABE1-9FFD05C62272} = {89FCBC70-8FE3-4D05-907C-CAA5D38C78DF}
		{0A65C595-9E17-487C-A880-A11DA9751D89} = {BA10C88F-546D-4308-AF6B-909B7AD2DAE0}
		{DD8C01F3-188F-40E5-B8B1-62DB48C1847F} = {BA10C88F-546D-4308-AF6B-909B7AD2DAE0}
		{61331F41-683A-4A68-AD09-368ADBA677B7} = {BA10C88F-546D-4308-AF6B-909B7AD2DAE0}
		{2A9EE65A-539B-45C0-8E9F-6DDBB2AE5139} = {89FCBC70-8FE3-4D05-907C-CAA5D38C78DF}
		{771640E7-025F-4B91-A4FA-C344B1165D6C} = {89FCBC70-8FE3-4D05-907C-CAA5D38C78DF}
		{9804B451-01CF-4455-BD0E-9607B9F74E5F} = {BA10C88F-546D-4308-AF6B-909B7AD2DAE0}
		{5F8EC505-ED3D-4D24-A25D-F25609C51D04} = {BA10C88F-546D-4308-AF6B-909B7AD2DAE0}
		{FBDCFF5A-A517-4E40-B430-B9D3C929940B} = {BA10C88F-546D-4308-AF6B-909B7AD2DAE0}
		{4EB79E57-290A-4AA1-A2D2-A6CECA73FC5B} = {BA10C88F-546D-4308-AF6B-909B7AD2DAE0}
		{40C697FB-3CD8-41AB-BFF4-DB3BF99D5362} = {89FCBC70-8FE3-4D05-907C-CAA5D38C78DF}
		{2E0CDC1C-0CC5-4B02-8DF0-D7087B07315E} = {89FCBC70-8FE3-4D05-907C-CAA5D38C78DF}
	EndGlobalSection
	GlobalSection(ExtensibilityGlobals) = postSolution
		SolutionGuid = {3F10FB8A-30C3-4CE1-AC1C-43A20D668F1B}
	EndGlobalSection
EndGlobal
